<?xml version="1.0" encoding="utf-8"?>
<Project ToolsVersion="4.0" xmlns="http://schemas.microsoft.com/developer/msbuild/2003">
  <ItemGroup>
    <Filter Include="Source Files">
      <UniqueIdentifier>{4FC737F1-C7A5-4376-A066-2A32D752A2FF}</UniqueIdentifier>
      <Extensions>cpp;c;cc;cxx;def;odl;idl;hpj;bat;asm;asmx</Extensions>
    </Filter>
    <Filter Include="Header Files">
      <UniqueIdentifier>{93995380-89BD-4b04-88EB-625FBE52EBFB}</UniqueIdentifier>
      <Extensions>h;hpp;hxx;hm;inl;inc;xsd</Extensions>
    </Filter>
    <Filter Include="Resource Files">
      <UniqueIdentifier>{67DA6AB6-F800-4c08-8B7A-83BB121AAD01}</UniqueIdentifier>
      <Extensions>rc;ico;cur;bmp;dlg;rc2;rct;bin;rgs;gif;jpg;jpeg;jpe;resx;tiff;tif;png;wav</Extensions>
    </Filter>
    <Filter Include="Generated Files">
      <UniqueIdentifier>{8f2f905c-daa6-4f2a-9c81-1e79c9647f7f}</UniqueIdentifier>
      <SourceControlFiles>False</SourceControlFiles>
    </Filter>
  </ItemGroup>
  <ItemGroup>
    <ClCompile Include="DispEvents.cpp">
      <Filter>Source Files</Filter>
    </ClCompile>
    <ClCompile Include="dllmain.cpp">
      <Filter>Source Files</Filter>
    </ClCompile>
    <ClCompile Include="DlrComLibrary.cpp">
      <Filter>Source Files</Filter>
    </ClCompile>
    <ClCompile Include="DlrComServer.cpp">
      <Filter>Source Files</Filter>
    </ClCompile>
    <ClCompile Include="DlrComStopwatch.cpp">
      <Filter>Source Files</Filter>
    </ClCompile>
    <ClCompile Include="DlrUniversalObj.cpp">
      <Filter>Source Files</Filter>
    </ClCompile>
    <ClCompile Include="HiddenMembers.cpp">
      <Filter>Source Files</Filter>
    </ClCompile>
    <ClCompile Include="IndexedProp.cpp">
      <Filter>Source Files</Filter>
    </ClCompile>
    <ClCompile Include="InOutParams.cpp">
      <Filter>Source Files</Filter>
    </ClCompile>
    <ClCompile Include="MultipleParams.cpp">
      <Filter>Source Files</Filter>
    </ClCompile>
    <ClCompile Include="NonDispatch.cpp">
      <Filter>Source Files</Filter>
    </ClCompile>
    <ClCompile Include="NoTypeInfo.cpp">
      <Filter>Source Files</Filter>
    </ClCompile>
    <ClCompile Include="OptionalParams.cpp">
      <Filter>Source Files</Filter>
    </ClCompile>
    <ClCompile Include="OutParams.cpp">
      <Filter>Source Files</Filter>
    </ClCompile>
    <ClCompile Include="ParamsInRetval.cpp">
      <Filter>Source Files</Filter>
    </ClCompile>
    <ClCompile Include="Properties.cpp">
      <Filter>Source Files</Filter>
    </ClCompile>
    <ClCompile Include="ProvidesClassInfo.cpp">
      <Filter>Source Files</Filter>
    </ClCompile>
    <ClCompile Include="ReturnValues.cpp">
      <Filter>Source Files</Filter>
    </ClCompile>
    <ClCompile Include="SimpleErrors.cpp">
      <Filter>Source Files</Filter>
    </ClCompile>
    <ClCompile Include="stdafx.cpp">
      <Filter>Source Files</Filter>
    </ClCompile>
    <ClCompile Include="DlrComLibrary_i.c">
      <Filter>Generated Files</Filter>
    </ClCompile>
  </ItemGroup>
  <ItemGroup>
    <None Include="DlrComLibrary.def">
      <Filter>Source Files</Filter>
    </None>
    <None Include="DispEvents.rgs">
      <Filter>Resource Files</Filter>
    </None>
    <None Include="DlrComLibrary.rgs">
      <Filter>Resource Files</Filter>
    </None>
    <None Include="DlrComServer.rgs">
      <Filter>Resource Files</Filter>
    </None>
    <None Include="DlrComStopwatch.rgs">
      <Filter>Resource Files</Filter>
    </None>
    <None Include="DlrUniversalObj.rgs">
      <Filter>Resource Files</Filter>
    </None>
    <None Include="HiddenMembers.rgs">
      <Filter>Resource Files</Filter>
    </None>
    <None Include="IndexedProp.rgs">
      <Filter>Resource Files</Filter>
    </None>
    <None Include="InOutParams.rgs">
      <Filter>Resource Files</Filter>
    </None>
    <None Include="MultipleParams.rgs">
      <Filter>Resource Files</Filter>
    </None>
    <None Include="NonDispatch.rgs">
      <Filter>Resource Files</Filter>
    </None>
    <None Include="NoTypeInfo.rgs">
      <Filter>Resource Files</Filter>
    </None>
    <None Include="OptionalParams.rgs">
      <Filter>Resource Files</Filter>
    </None>
    <None Include="OutParams.rgs">
      <Filter>Resource Files</Filter>
    </None>
    <None Include="ParamsInRetval.rgs">
      <Filter>Resource Files</Filter>
    </None>
    <None Include="Properties.rgs">
      <Filter>Resource Files</Filter>
    </None>
    <None Include="ProvidesClassInfo.rgs">
      <Filter>Resource Files</Filter>
    </None>
    <None Include="ReturnValues.rgs">
      <Filter>Resource Files</Filter>
    </None>
    <None Include="SimpleErrors.rgs">
      <Filter>Resource Files</Filter>
    </None>
    <None Include="ReadMe.txt" />
  </ItemGroup>
  <ItemGroup>
    <Midl Include="DlrComLibrary.idl">
      <Filter>Source Files</Filter>
    </Midl>
  </ItemGroup>
  <ItemGroup>
    <ClInclude Include="_IDispEventsEvents_CP.h">
      <Filter>Header Files</Filter>
    </ClInclude>
    <ClInclude Include="_IDlrComServerEvents_CP.h">
      <Filter>Header Files</Filter>
    </ClInclude>
    <ClInclude Include="DispEvents.h">
      <Filter>Header Files</Filter>
    </ClInclude>
    <ClInclude Include="dllmain.h">
      <Filter>Header Files</Filter>
    </ClInclude>
    <ClInclude Include="DlrComServer.h">
      <Filter>Header Files</Filter>
    </ClInclude>
    <ClInclude Include="DlrComStopwatch.h">
      <Filter>Header Files</Filter>
    </ClInclude>
    <ClInclude Include="DlrUniversalObj.h">
      <Filter>Header Files</Filter>
    </ClInclude>
    <ClInclude Include="HiddenMembers.h">
      <Filter>Header Files</Filter>
    </ClInclude>
    <ClInclude Include="IndexedProp.h">
      <Filter>Header Files</Filter>
    </ClInclude>
    <ClInclude Include="InOutParams.h">
      <Filter>Header Files</Filter>
    </ClInclude>
    <ClInclude Include="MultipleParams.h">
      <Filter>Header Files</Filter>
    </ClInclude>
    <ClInclude Include="NonDispatch.h">
      <Filter>Header Files</Filter>
    </ClInclude>
    <ClInclude Include="NoTypeInfo.h">
      <Filter>Header Files</Filter>
    </ClInclude>
    <ClInclude Include="OptionalParams.h">
      <Filter>Header Files</Filter>
    </ClInclude>
    <ClInclude Include="OutParams.h">
      <Filter>Header Files</Filter>
    </ClInclude>
    <ClInclude Include="ParamsInRetval.h">
      <Filter>Header Files</Filter>
    </ClInclude>
    <ClInclude Include="Properties.h">
      <Filter>Header Files</Filter>
    </ClInclude>
    <ClInclude Include="ProvidesClassInfo.h">
      <Filter>Header Files</Filter>
    </ClInclude>
    <ClInclude Include="Resource.h">
      <Filter>Header Files</Filter>
    </ClInclude>
    <ClInclude Include="ReturnValues.h">
      <Filter>Header Files</Filter>
    </ClInclude>
    <ClInclude Include="SimpleErrors.h">
      <Filter>Header Files</Filter>
    </ClInclude>
    <ClInclude Include="stdafx.h">
      <Filter>Header Files</Filter>
    </ClInclude>
    <ClInclude Include="targetver.h">
      <Filter>Header Files</Filter>
    </ClInclude>
    <ClInclude Include="DlrComLibrary_i.h">
      <Filter>Generated Files</Filter>
    </ClInclude>
  </ItemGroup>
  <ItemGroup>
    <ResourceCompile Include="DlrComLibrary.rc">
      <Filter>Resource Files</Filter>
    </ResourceCompile>
  </ItemGroup>
</Project>