
Microsoft Visual Studio Solution File, Format Version 10.00
# Visual Studio 2008
Project("{FAE04EC0-301F-11D3-BF4B-00C04F79EFBC}") = "Microsoft.Scripting.Core", "src\Microsoft.Scripting.Core\Microsoft.Scripting.Core.csproj", "{2AE75F5A-CD1F-4925-9647-AF4D1C282FB4}"
EndProject
Project("{FAE04EC0-301F-11D3-BF4B-00C04F79EFBC}") = "Microsoft.Scripting", "src\Microsoft.Scripting\Microsoft.Scripting.csproj", "{EB66B766-6354-4208-A3D4-AACBDCB5C3B3}"
EndProject
Project("{FAE04EC0-301F-11D3-BF4B-00C04F79EFBC}") = "Ruby", "src\ironruby\Ruby.csproj", "{7F6984B4-EE6D-4E6F-ABB1-E210D7DC4FDD}"
EndProject
Project("{FAE04EC0-301F-11D3-BF4B-00C04F79EFBC}") = "IronRuby.Libraries", "src\IronRuby.Libraries\IronRuby.Libraries.csproj", "{77323B06-15A2-4CF4-8A7A-86EAA2B66498}"
EndProject
Project("{FAE04EC0-301F-11D3-BF4B-00C04F79EFBC}") = "ClassInitGenerator", "utils\ironruby.classinitgenerator\ClassInitGenerator.csproj", "{166940A1-2C91-4BD0-B72B-A517FBD8BF0B}"
EndProject
Project("{FAE04EC0-301F-11D3-BF4B-00C04F79EFBC}") = "Ruby.Console", "utils\ironruby.console\Ruby.Console.csproj", "{D6AB587D-A888-4B98-85AC-F15E36F53838}"
EndProject
Project("{FAE04EC0-301F-11D3-BF4B-00C04F79EFBC}") = "IronRuby.Tests", "utils\IronRuby.Tests\IronRuby.Tests.csproj", "{8103D91B-89D8-4A18-9A40-426992602EA2}"
EndProject
Project("{FAE04EC0-301F-11D3-BF4B-00C04F79EFBC}") = "IronRuby.Libraries.Yaml", "src\yaml\IronRuby.Libraries.Yaml.csproj", "{AA18A245-E342-4368-A474-83178311A742}"
EndProject
Project("{FAE04EC0-301F-11D3-BF4B-00C04F79EFBC}") = "microsoft.scripting.extensionattribute", "src\microsoft.scripting.core\microsoft.scripting.extensionattribute.csproj", "{8B0F1074-750E-4D64-BF23-A1E0F54261E5}"
EndProject
Global
	GlobalSection(SolutionConfigurationPlatforms) = preSolution
		Debug|Any CPU = Debug|Any CPU
		ExternalDebug|Any CPU = ExternalDebug|Any CPU
		ExternalRelease|Any CPU = ExternalRelease|Any CPU
		FxCop|Any CPU = FxCop|Any CPU
		Release|Any CPU = Release|Any CPU
		Silverlight Debug|Any CPU = Silverlight Debug|Any CPU
		Silverlight Release|Any CPU = Silverlight Release|Any CPU
	EndGlobalSection
	GlobalSection(ProjectConfigurationPlatforms) = postSolution
		{2AE75F5A-CD1F-4925-9647-AF4D1C282FB4}.Debug|Any CPU.ActiveCfg = Debug|Any CPU
		{2AE75F5A-CD1F-4925-9647-AF4D1C282FB4}.Debug|Any CPU.Build.0 = Debug|Any CPU
		{2AE75F5A-CD1F-4925-9647-AF4D1C282FB4}.ExternalDebug|Any CPU.ActiveCfg = ExternalDebug|Any CPU
		{2AE75F5A-CD1F-4925-9647-AF4D1C282FB4}.ExternalDebug|Any CPU.Build.0 = ExternalDebug|Any CPU
		{2AE75F5A-CD1F-4925-9647-AF4D1C282FB4}.ExternalRelease|Any CPU.ActiveCfg = ExternalRelease|Any CPU
		{2AE75F5A-CD1F-4925-9647-AF4D1C282FB4}.ExternalRelease|Any CPU.Build.0 = ExternalRelease|Any CPU
		{2AE75F5A-CD1F-4925-9647-AF4D1C282FB4}.FxCop|Any CPU.ActiveCfg = FxCop|Any CPU
		{2AE75F5A-CD1F-4925-9647-AF4D1C282FB4}.FxCop|Any CPU.Build.0 = FxCop|Any CPU
		{2AE75F5A-CD1F-4925-9647-AF4D1C282FB4}.Release|Any CPU.ActiveCfg = Release|Any CPU
		{2AE75F5A-CD1F-4925-9647-AF4D1C282FB4}.Release|Any CPU.Build.0 = Release|Any CPU
		{2AE75F5A-CD1F-4925-9647-AF4D1C282FB4}.Silverlight Debug|Any CPU.ActiveCfg = Silverlight Debug|Any CPU
		{2AE75F5A-CD1F-4925-9647-AF4D1C282FB4}.Silverlight Debug|Any CPU.Build.0 = Silverlight Debug|Any CPU
		{2AE75F5A-CD1F-4925-9647-AF4D1C282FB4}.Silverlight Release|Any CPU.ActiveCfg = Silverlight Release|Any CPU
		{2AE75F5A-CD1F-4925-9647-AF4D1C282FB4}.Silverlight Release|Any CPU.Build.0 = Silverlight Release|Any CPU
		{EB66B766-6354-4208-A3D4-AACBDCB5C3B3}.Debug|Any CPU.ActiveCfg = Debug|Any CPU
		{EB66B766-6354-4208-A3D4-AACBDCB5C3B3}.Debug|Any CPU.Build.0 = Debug|Any CPU
		{EB66B766-6354-4208-A3D4-AACBDCB5C3B3}.ExternalDebug|Any CPU.ActiveCfg = ExternalDebug|Any CPU
		{EB66B766-6354-4208-A3D4-AACBDCB5C3B3}.ExternalDebug|Any CPU.Build.0 = ExternalDebug|Any CPU
		{EB66B766-6354-4208-A3D4-AACBDCB5C3B3}.ExternalRelease|Any CPU.ActiveCfg = ExternalRelease|Any CPU
		{EB66B766-6354-4208-A3D4-AACBDCB5C3B3}.ExternalRelease|Any CPU.Build.0 = ExternalRelease|Any CPU
		{EB66B766-6354-4208-A3D4-AACBDCB5C3B3}.FxCop|Any CPU.ActiveCfg = FxCop|Any CPU
		{EB66B766-6354-4208-A3D4-AACBDCB5C3B3}.FxCop|Any CPU.Build.0 = FxCop|Any CPU
		{EB66B766-6354-4208-A3D4-AACBDCB5C3B3}.Release|Any CPU.ActiveCfg = Release|Any CPU
		{EB66B766-6354-4208-A3D4-AACBDCB5C3B3}.Release|Any CPU.Build.0 = Release|Any CPU
		{EB66B766-6354-4208-A3D4-AACBDCB5C3B3}.Silverlight Debug|Any CPU.ActiveCfg = Silverlight Debug|Any CPU
		{EB66B766-6354-4208-A3D4-AACBDCB5C3B3}.Silverlight Debug|Any CPU.Build.0 = Silverlight Debug|Any CPU
		{EB66B766-6354-4208-A3D4-AACBDCB5C3B3}.Silverlight Release|Any CPU.ActiveCfg = Silverlight Release|Any CPU
		{EB66B766-6354-4208-A3D4-AACBDCB5C3B3}.Silverlight Release|Any CPU.Build.0 = Silverlight Release|Any CPU
		{7F6984B4-EE6D-4E6F-ABB1-E210D7DC4FDD}.Debug|Any CPU.ActiveCfg = Debug|Any CPU
		{7F6984B4-EE6D-4E6F-ABB1-E210D7DC4FDD}.Debug|Any CPU.Build.0 = Debug|Any CPU
		{7F6984B4-EE6D-4E6F-ABB1-E210D7DC4FDD}.ExternalDebug|Any CPU.ActiveCfg = ExternalDebug|Any CPU
		{7F6984B4-EE6D-4E6F-ABB1-E210D7DC4FDD}.ExternalDebug|Any CPU.Build.0 = ExternalDebug|Any CPU
		{7F6984B4-EE6D-4E6F-ABB1-E210D7DC4FDD}.ExternalRelease|Any CPU.ActiveCfg = ExternalRelease|Any CPU
		{7F6984B4-EE6D-4E6F-ABB1-E210D7DC4FDD}.ExternalRelease|Any CPU.Build.0 = ExternalRelease|Any CPU
		{7F6984B4-EE6D-4E6F-ABB1-E210D7DC4FDD}.FxCop|Any CPU.ActiveCfg = Silverlight Release|Any CPU
		{7F6984B4-EE6D-4E6F-ABB1-E210D7DC4FDD}.FxCop|Any CPU.Build.0 = Silverlight Release|Any CPU
		{7F6984B4-EE6D-4E6F-ABB1-E210D7DC4FDD}.Release|Any CPU.ActiveCfg = Release|Any CPU
		{7F6984B4-EE6D-4E6F-ABB1-E210D7DC4FDD}.Release|Any CPU.Build.0 = Release|Any CPU
		{7F6984B4-EE6D-4E6F-ABB1-E210D7DC4FDD}.Silverlight Debug|Any CPU.ActiveCfg = Silverlight Debug|Any CPU
		{7F6984B4-EE6D-4E6F-ABB1-E210D7DC4FDD}.Silverlight Debug|Any CPU.Build.0 = Silverlight Debug|Any CPU
		{7F6984B4-EE6D-4E6F-ABB1-E210D7DC4FDD}.Silverlight Release|Any CPU.ActiveCfg = Silverlight Release|Any CPU
		{7F6984B4-EE6D-4E6F-ABB1-E210D7DC4FDD}.Silverlight Release|Any CPU.Build.0 = Silverlight Release|Any CPU
		{77323B06-15A2-4CF4-8A7A-86EAA2B66498}.Debug|Any CPU.ActiveCfg = Debug|Any CPU
		{77323B06-15A2-4CF4-8A7A-86EAA2B66498}.Debug|Any CPU.Build.0 = Debug|Any CPU
		{77323B06-15A2-4CF4-8A7A-86EAA2B66498}.ExternalDebug|Any CPU.ActiveCfg = ExternalDebug|Any CPU
		{77323B06-15A2-4CF4-8A7A-86EAA2B66498}.ExternalDebug|Any CPU.Build.0 = ExternalDebug|Any CPU
		{77323B06-15A2-4CF4-8A7A-86EAA2B66498}.ExternalRelease|Any CPU.ActiveCfg = ExternalRelease|Any CPU
		{77323B06-15A2-4CF4-8A7A-86EAA2B66498}.ExternalRelease|Any CPU.Build.0 = ExternalRelease|Any CPU
		{77323B06-15A2-4CF4-8A7A-86EAA2B66498}.FxCop|Any CPU.ActiveCfg = Release|Any CPU
		{77323B06-15A2-4CF4-8A7A-86EAA2B66498}.FxCop|Any CPU.Build.0 = Release|Any CPU
		{77323B06-15A2-4CF4-8A7A-86EAA2B66498}.Release|Any CPU.ActiveCfg = Release|Any CPU
		{77323B06-15A2-4CF4-8A7A-86EAA2B66498}.Release|Any CPU.Build.0 = Release|Any CPU
		{77323B06-15A2-4CF4-8A7A-86EAA2B66498}.Silverlight Debug|Any CPU.ActiveCfg = Debug|Any CPU
		{77323B06-15A2-4CF4-8A7A-86EAA2B66498}.Silverlight Debug|Any CPU.Build.0 = Debug|Any CPU
		{77323B06-15A2-4CF4-8A7A-86EAA2B66498}.Silverlight Release|Any CPU.ActiveCfg = Release|Any CPU
		{77323B06-15A2-4CF4-8A7A-86EAA2B66498}.Silverlight Release|Any CPU.Build.0 = Release|Any CPU
		{166940A1-2C91-4BD0-B72B-A517FBD8BF0B}.Debug|Any CPU.ActiveCfg = Debug|Any CPU
		{166940A1-2C91-4BD0-B72B-A517FBD8BF0B}.Debug|Any CPU.Build.0 = Debug|Any CPU
		{166940A1-2C91-4BD0-B72B-A517FBD8BF0B}.ExternalDebug|Any CPU.ActiveCfg = ExternalDebug|Any CPU
		{166940A1-2C91-4BD0-B72B-A517FBD8BF0B}.ExternalDebug|Any CPU.Build.0 = ExternalDebug|Any CPU
		{166940A1-2C91-4BD0-B72B-A517FBD8BF0B}.ExternalRelease|Any CPU.ActiveCfg = ExternalRelease|Any CPU
		{166940A1-2C91-4BD0-B72B-A517FBD8BF0B}.FxCop|Any CPU.ActiveCfg = Release|Any CPU
		{166940A1-2C91-4BD0-B72B-A517FBD8BF0B}.FxCop|Any CPU.Build.0 = Release|Any CPU
		{166940A1-2C91-4BD0-B72B-A517FBD8BF0B}.Release|Any CPU.ActiveCfg = Release|Any CPU
		{166940A1-2C91-4BD0-B72B-A517FBD8BF0B}.Release|Any CPU.Build.0 = Release|Any CPU
		{166940A1-2C91-4BD0-B72B-A517FBD8BF0B}.Silverlight Debug|Any CPU.ActiveCfg = Debug|Any CPU
		{166940A1-2C91-4BD0-B72B-A517FBD8BF0B}.Silverlight Debug|Any CPU.Build.0 = Debug|Any CPU
		{166940A1-2C91-4BD0-B72B-A517FBD8BF0B}.Silverlight Release|Any CPU.ActiveCfg = Release|Any CPU
		{166940A1-2C91-4BD0-B72B-A517FBD8BF0B}.Silverlight Release|Any CPU.Build.0 = Release|Any CPU
		{D6AB587D-A888-4B98-85AC-F15E36F53838}.Debug|Any CPU.ActiveCfg = Debug|Any CPU
		{D6AB587D-A888-4B98-85AC-F15E36F53838}.Debug|Any CPU.Build.0 = Debug|Any CPU
		{D6AB587D-A888-4B98-85AC-F15E36F53838}.ExternalDebug|Any CPU.ActiveCfg = ExternalDebug|Any CPU
		{D6AB587D-A888-4B98-85AC-F15E36F53838}.ExternalDebug|Any CPU.Build.0 = ExternalDebug|Any CPU
		{D6AB587D-A888-4B98-85AC-F15E36F53838}.ExternalRelease|Any CPU.ActiveCfg = ExternalRelease|Any CPU
		{D6AB587D-A888-4B98-85AC-F15E36F53838}.ExternalRelease|Any CPU.Build.0 = ExternalRelease|Any CPU
		{D6AB587D-A888-4B98-85AC-F15E36F53838}.FxCop|Any CPU.ActiveCfg = Release|Any CPU
		{D6AB587D-A888-4B98-85AC-F15E36F53838}.FxCop|Any CPU.Build.0 = Release|Any CPU
		{D6AB587D-A888-4B98-85AC-F15E36F53838}.Release|Any CPU.ActiveCfg = Release|Any CPU
		{D6AB587D-A888-4B98-85AC-F15E36F53838}.Release|Any CPU.Build.0 = Release|Any CPU
		{D6AB587D-A888-4B98-85AC-F15E36F53838}.Silverlight Debug|Any CPU.ActiveCfg = Debug|Any CPU
		{D6AB587D-A888-4B98-85AC-F15E36F53838}.Silverlight Debug|Any CPU.Build.0 = Debug|Any CPU
		{D6AB587D-A888-4B98-85AC-F15E36F53838}.Silverlight Release|Any CPU.ActiveCfg = Release|Any CPU
		{D6AB587D-A888-4B98-85AC-F15E36F53838}.Silverlight Release|Any CPU.Build.0 = Release|Any CPU
		{8103D91B-89D8-4A18-9A40-426992602EA2}.Debug|Any CPU.ActiveCfg = Debug|Any CPU
		{8103D91B-89D8-4A18-9A40-426992602EA2}.Debug|Any CPU.Build.0 = Debug|Any CPU
		{8103D91B-89D8-4A18-9A40-426992602EA2}.ExternalDebug|Any CPU.ActiveCfg = ExternalDebug|Any CPU
		{8103D91B-89D8-4A18-9A40-426992602EA2}.ExternalDebug|Any CPU.Build.0 = ExternalDebug|Any CPU
		{8103D91B-89D8-4A18-9A40-426992602EA2}.ExternalRelease|Any CPU.ActiveCfg = ExternalRelease|Any CPU
		{8103D91B-89D8-4A18-9A40-426992602EA2}.ExternalRelease|Any CPU.Build.0 = ExternalRelease|Any CPU
		{8103D91B-89D8-4A18-9A40-426992602EA2}.FxCop|Any CPU.ActiveCfg = Release|Any CPU
		{8103D91B-89D8-4A18-9A40-426992602EA2}.FxCop|Any CPU.Build.0 = Release|Any CPU
		{8103D91B-89D8-4A18-9A40-426992602EA2}.Release|Any CPU.ActiveCfg = Release|Any CPU
		{8103D91B-89D8-4A18-9A40-426992602EA2}.Release|Any CPU.Build.0 = Release|Any CPU
		{8103D91B-89D8-4A18-9A40-426992602EA2}.Silverlight Debug|Any CPU.ActiveCfg = Debug|Any CPU
		{8103D91B-89D8-4A18-9A40-426992602EA2}.Silverlight Debug|Any CPU.Build.0 = Debug|Any CPU
		{8103D91B-89D8-4A18-9A40-426992602EA2}.Silverlight Release|Any CPU.ActiveCfg = Release|Any CPU
		{8103D91B-89D8-4A18-9A40-426992602EA2}.Silverlight Release|Any CPU.Build.0 = Release|Any CPU
		{AA18A245-E342-4368-A474-83178311A742}.Debug|Any CPU.ActiveCfg = Debug|Any CPU
		{AA18A245-E342-4368-A474-83178311A742}.Debug|Any CPU.Build.0 = Debug|Any CPU
		{AA18A245-E342-4368-A474-83178311A742}.ExternalDebug|Any CPU.ActiveCfg = Debug|Any CPU
		{AA18A245-E342-4368-A474-83178311A742}.ExternalDebug|Any CPU.Build.0 = Debug|Any CPU
		{AA18A245-E342-4368-A474-83178311A742}.ExternalRelease|Any CPU.ActiveCfg = Release|Any CPU
		{AA18A245-E342-4368-A474-83178311A742}.ExternalRelease|Any CPU.Build.0 = Release|Any CPU
		{AA18A245-E342-4368-A474-83178311A742}.FxCop|Any CPU.ActiveCfg = Release|Any CPU
		{AA18A245-E342-4368-A474-83178311A742}.FxCop|Any CPU.Build.0 = Release|Any CPU
		{AA18A245-E342-4368-A474-83178311A742}.Release|Any CPU.ActiveCfg = Release|Any CPU
		{AA18A245-E342-4368-A474-83178311A742}.Release|Any CPU.Build.0 = Release|Any CPU
		{AA18A245-E342-4368-A474-83178311A742}.Silverlight Debug|Any CPU.ActiveCfg = Debug|Any CPU
		{AA18A245-E342-4368-A474-83178311A742}.Silverlight Debug|Any CPU.Build.0 = Debug|Any CPU
		{AA18A245-E342-4368-A474-83178311A742}.Silverlight Release|Any CPU.ActiveCfg = Release|Any CPU
		{AA18A245-E342-4368-A474-83178311A742}.Silverlight Release|Any CPU.Build.0 = Release|Any CPU
		{8B0F1074-750E-4D64-BF23-A1E0F54261E5}.Debug|Any CPU.ActiveCfg = Debug|Any CPU
		{8B0F1074-750E-4D64-BF23-A1E0F54261E5}.Debug|Any CPU.Build.0 = Debug|Any CPU
		{8B0F1074-750E-4D64-BF23-A1E0F54261E5}.ExternalDebug|Any CPU.ActiveCfg = Debug|Any CPU
		{8B0F1074-750E-4D64-BF23-A1E0F54261E5}.ExternalDebug|Any CPU.Build.0 = Debug|Any CPU
		{8B0F1074-750E-4D64-BF23-A1E0F54261E5}.ExternalRelease|Any CPU.ActiveCfg = Release|Any CPU
		{8B0F1074-750E-4D64-BF23-A1E0F54261E5}.ExternalRelease|Any CPU.Build.0 = Release|Any CPU
		{8B0F1074-750E-4D64-BF23-A1E0F54261E5}.FxCop|Any CPU.ActiveCfg = FxCop|Any CPU
		{8B0F1074-750E-4D64-BF23-A1E0F54261E5}.FxCop|Any CPU.Build.0 = FxCop|Any CPU
		{8B0F1074-750E-4D64-BF23-A1E0F54261E5}.Release|Any CPU.ActiveCfg = Release|Any CPU
		{8B0F1074-750E-4D64-BF23-A1E0F54261E5}.Release|Any CPU.Build.0 = Release|Any CPU
		{8B0F1074-750E-4D64-BF23-A1E0F54261E5}.Silverlight Debug|Any CPU.ActiveCfg = Silverlight Debug|Any CPU
		{8B0F1074-750E-4D64-BF23-A1E0F54261E5}.Silverlight Debug|Any CPU.Build.0 = Silverlight Debug|Any CPU
		{8B0F1074-750E-4D64-BF23-A1E0F54261E5}.Silverlight Release|Any CPU.ActiveCfg = Silverlight Release|Any CPU
		{8B0F1074-750E-4D64-BF23-A1E0F54261E5}.Silverlight Release|Any CPU.Build.0 = Silverlight Release|Any CPU
	EndGlobalSection
	GlobalSection(SolutionProperties) = preSolution
		HideSolutionNode = FALSE
	EndGlobalSection
EndGlobal
