
Microsoft Visual Studio Solution File, Format Version 10.00
# Visual Studio 2008
Project("{FAE04EC0-301F-11D3-BF4B-00C04F79EFBC}") = "IronRuby.Tests", "IronRuby.Tests\IronRuby.Tests.csproj", "{8103D91B-89D8-4A18-9A40-426992602EA2}"
EndProject
Project("{FAE04EC0-301F-11D3-BF4B-00C04F79EFBC}") = "Ruby", "Ruby\Ruby.csproj", "{7F6984B4-EE6D-4E6F-ABB1-E210D7DC4FDD}"
EndProject
Project("{FAE04EC0-301F-11D3-BF4B-00C04F79EFBC}") = "Ruby.Console", "Console\Ruby.Console.csproj", "{D6AB587D-A888-4B98-85AC-F15E36F53838}"
EndProject
Project("{FAE04EC0-301F-11D3-BF4B-00C04F79EFBC}") = "ClassInitGenerator", "ClassInitGenerator\ClassInitGenerator.csproj", "{166940A1-2C91-4BD0-B72B-A517FBD8BF0B}"
EndProject
Project("{FAE04EC0-301F-11D3-BF4B-00C04F79EFBC}") = "Microsoft.Scripting.Core", "..\..\..\..\ndp\fx\src\Core\Microsoft\Scripting\Microsoft.Scripting.Core.csproj", "{2AE75F5A-CD1F-4925-9647-AF4D1C282FB4}"
EndProject
Project("{FAE04EC0-301F-11D3-BF4B-00C04F79EFBC}") = "Microsoft.Dynamic", "..\..\..\..\ndp\fx\src\Dynamic\System\Dynamic\Microsoft.Dynamic.csproj", "{D4AE44AD-07B9-41DC-BB3B-1FDCDE3C987D}"
EndProject
Project("{FAE04EC0-301F-11D3-BF4B-00C04F79EFBC}") = "IronRuby.Libraries", "Libraries.LCA_RESTRICTED\IronRuby.Libraries.csproj", "{77323B06-15A2-4CF4-8A7A-86EAA2B66498}"
EndProject
Project("{FAE04EC0-301F-11D3-BF4B-00C04F79EFBC}") = "IronRuby.Libraries.Scanner", "Utils\IronRuby.Libraries.Scanner\IronRuby.Libraries.Scanner.csproj", "{5F692D9C-968B-48BF-AC2F-6B4F54D9C1BB}"
EndProject
Project("{FAE04EC0-301F-11D3-BF4B-00C04F79EFBC}") = "Microsoft.Scripting", "..\..\Runtime\Microsoft.Scripting\Microsoft.Scripting.csproj", "{EB66B766-6354-4208-A3D4-AACBDCB5C3B3}"
EndProject
Project("{FAE04EC0-301F-11D3-BF4B-00C04F79EFBC}") = "IronRuby.Libraries.Yaml", "..\..\..\External.LCA_RESTRICTED\Languages\IronRuby\Yaml\IronRuby.Libraries.Yaml\IronRuby.Libraries.Yaml.csproj", "{AA18A245-E342-4368-A474-83178311A742}"
EndProject
Project("{FAE04EC0-301F-11D3-BF4B-00C04F79EFBC}") = "Microsoft.Scripting.ExtensionAttribute", "..\..\..\..\ndp\fx\src\Core\Microsoft\Scripting\Microsoft.Scripting.ExtensionAttribute.csproj", "{8B0F1074-750E-4D64-BF23-A1E0F54261E5}"
EndProject
Project("{2150E333-8FDC-42A3-9474-1A3956D46DE8}") = "Solution Items", "Solution Items", "{A6B6A5B5-335A-4515-8535-954DE8A953EF}"
	ProjectSection(SolutionItems) = preProject
		Scripts\CodeGenerator.rb = Scripts\CodeGenerator.rb
	EndProjectSection
EndProject
Project("{FAE04EC0-301F-11D3-BF4B-00C04F79EFBC}") = "RubySpec", "Tests\RubySpec\RubySpec.csproj", "{534A82C6-3EB0-4888-ABD2-A15284683E8D}"
EndProject
Global
	GlobalSection(TeamFoundationVersionControl) = preSolution
		SccNumberOfProjects = 13
		SccEnterpriseProvider = {4CA58AB2-18FA-4F8D-95D4-32DDF27D184C}
		SccTeamFoundationServer = http://vstfdevdiv:8080/
		SccLocalPath0 = .
		SccProjectUniqueName1 = IronRuby.Tests\\IronRuby.Tests.csproj
		SccProjectName1 = IronRuby.Tests
		SccLocalPath1 = IronRuby.Tests
		SccProjectUniqueName2 = Ruby\\Ruby.csproj
		SccProjectName2 = Ruby
		SccLocalPath2 = Ruby
		SccProjectUniqueName3 = Console\\Ruby.Console.csproj
		SccProjectName3 = Console
		SccLocalPath3 = Console
		SccProjectUniqueName4 = ClassInitGenerator\\ClassInitGenerator.csproj
		SccProjectName4 = ClassInitGenerator
		SccLocalPath4 = ClassInitGenerator
		SccProjectUniqueName5 = Utils\\IronRuby.Libraries.Scanner\\IronRuby.Libraries.Scanner.csproj
		SccProjectName5 = Utils/IronRuby.Libraries.Scanner
		SccLocalPath5 = Utils\\IronRuby.Libraries.Scanner
		SccProjectUniqueName6 = Libraries.LCA_RESTRICTED\\IronRuby.Libraries.csproj
		SccProjectName6 = Libraries.LCA_RESTRICTED
		SccLocalPath6 = Libraries.LCA_RESTRICTED
		SccProjectUniqueName7 = ..\\..\\Runtime\\Microsoft.Scripting\\Microsoft.Scripting.csproj
		SccProjectName7 = ../../Runtime/Microsoft.Scripting
		SccLocalPath7 = ..\\..\\Runtime\\Microsoft.Scripting
		SccProjectUniqueName8 = ..\\..\\..\\..\\ndp\\fx\\src\\Core\\Microsoft\\Scripting\\Microsoft.Scripting.Core.csproj
		SccProjectName8 = ../../../../ndp/fx/src/Core/Microsoft/Scripting
		SccLocalPath8 = ..\\..\\..\\..\\ndp\\fx\\src\\Core\\Microsoft\\Scripting
		SccProjectUniqueName9 = ..\\..\\..\\External.LCA_RESTRICTED\\Languages\\IronRuby\\Yaml\\IronRuby.Libraries.Yaml\\IronRuby.Libraries.Yaml.csproj
		SccProjectName9 = ../../../External.LCA_RESTRICTED/Languages/IronRuby/yaml/IronRuby.Libraries.Yaml
		SccLocalPath9 = ..\\..\\..\\External.LCA_RESTRICTED\\Languages\\IronRuby\\yaml\\IronRuby.Libraries.Yaml
		SccProjectUniqueName10 = ..\\..\\..\\..\\ndp\\fx\\src\\Core\\Microsoft\\Scripting\\Microsoft.Scripting.ExtensionAttribute.csproj
		SccProjectName10 = ../../../../ndp/fx/src/Core/Microsoft/Scripting
		SccLocalPath10 = ..\\..\\..\\..\\ndp\\fx\\src\\Core\\Microsoft\\Scripting
		SccProjectUniqueName11 = Tests\\RubySpec\\RubySpec.csproj
		SccProjectName11 = Tests/RubySpec
		SccLocalPath11 = Tests\\RubySpec
		SccProjectUniqueName12 = ..\\..\\..\\..\\ndp\\fx\\src\\Dynamic\\System\\Dynamic\\Microsoft.Dynamic.csproj
		SccProjectName12 = ../../../../ndp/fx/src/Dynamic/System/Dynamic
		SccLocalPath12 = ..\\..\\..\\..\\ndp\\fx\\src\\Dynamic\\System\\Dynamic
	EndGlobalSection
	GlobalSection(SolutionConfigurationPlatforms) = preSolution
		Debug|Any CPU = Debug|Any CPU
		FxCop|Any CPU = FxCop|Any CPU
		Release|Any CPU = Release|Any CPU
		Silverlight Debug|Any CPU = Silverlight Debug|Any CPU
		Silverlight Release|Any CPU = Silverlight Release|Any CPU
	EndGlobalSection
	GlobalSection(ProjectConfigurationPlatforms) = postSolution
		{8103D91B-89D8-4A18-9A40-426992602EA2}.Debug|Any CPU.ActiveCfg = Debug|Any CPU
		{8103D91B-89D8-4A18-9A40-426992602EA2}.Debug|Any CPU.Build.0 = Debug|Any CPU
		{8103D91B-89D8-4A18-9A40-426992602EA2}.FxCop|Any CPU.ActiveCfg = Release|Any CPU
		{8103D91B-89D8-4A18-9A40-426992602EA2}.FxCop|Any CPU.Build.0 = Release|Any CPU
		{8103D91B-89D8-4A18-9A40-426992602EA2}.Release|Any CPU.ActiveCfg = Release|Any CPU
		{8103D91B-89D8-4A18-9A40-426992602EA2}.Release|Any CPU.Build.0 = Release|Any CPU
		{8103D91B-89D8-4A18-9A40-426992602EA2}.Silverlight Debug|Any CPU.ActiveCfg = Debug|Any CPU
		{8103D91B-89D8-4A18-9A40-426992602EA2}.Silverlight Release|Any CPU.ActiveCfg = Release|Any CPU
		{7F6984B4-EE6D-4E6F-ABB1-E210D7DC4FDD}.Debug|Any CPU.ActiveCfg = Debug|Any CPU
		{7F6984B4-EE6D-4E6F-ABB1-E210D7DC4FDD}.Debug|Any CPU.Build.0 = Debug|Any CPU
		{7F6984B4-EE6D-4E6F-ABB1-E210D7DC4FDD}.FxCop|Any CPU.ActiveCfg = FxCop|Any CPU
		{7F6984B4-EE6D-4E6F-ABB1-E210D7DC4FDD}.FxCop|Any CPU.Build.0 = FxCop|Any CPU
		{7F6984B4-EE6D-4E6F-ABB1-E210D7DC4FDD}.Release|Any CPU.ActiveCfg = Release|Any CPU
		{7F6984B4-EE6D-4E6F-ABB1-E210D7DC4FDD}.Release|Any CPU.Build.0 = Release|Any CPU
		{7F6984B4-EE6D-4E6F-ABB1-E210D7DC4FDD}.Silverlight Debug|Any CPU.ActiveCfg = Silverlight Debug|Any CPU
		{7F6984B4-EE6D-4E6F-ABB1-E210D7DC4FDD}.Silverlight Debug|Any CPU.Build.0 = Silverlight Debug|Any CPU
		{7F6984B4-EE6D-4E6F-ABB1-E210D7DC4FDD}.Silverlight Release|Any CPU.ActiveCfg = Silverlight Release|Any CPU
		{7F6984B4-EE6D-4E6F-ABB1-E210D7DC4FDD}.Silverlight Release|Any CPU.Build.0 = Silverlight Release|Any CPU
		{D6AB587D-A888-4B98-85AC-F15E36F53838}.Debug|Any CPU.ActiveCfg = Debug|Any CPU
		{D6AB587D-A888-4B98-85AC-F15E36F53838}.Debug|Any CPU.Build.0 = Debug|Any CPU
		{D6AB587D-A888-4B98-85AC-F15E36F53838}.FxCop|Any CPU.ActiveCfg = Release|Any CPU
		{D6AB587D-A888-4B98-85AC-F15E36F53838}.FxCop|Any CPU.Build.0 = Release|Any CPU
		{D6AB587D-A888-4B98-85AC-F15E36F53838}.Release|Any CPU.ActiveCfg = Release|Any CPU
		{D6AB587D-A888-4B98-85AC-F15E36F53838}.Release|Any CPU.Build.0 = Release|Any CPU
		{D6AB587D-A888-4B98-85AC-F15E36F53838}.Silverlight Debug|Any CPU.ActiveCfg = Debug|Any CPU
		{D6AB587D-A888-4B98-85AC-F15E36F53838}.Silverlight Release|Any CPU.ActiveCfg = Release|Any CPU
		{166940A1-2C91-4BD0-B72B-A517FBD8BF0B}.Debug|Any CPU.ActiveCfg = Debug|Any CPU
		{166940A1-2C91-4BD0-B72B-A517FBD8BF0B}.Debug|Any CPU.Build.0 = Debug|Any CPU
		{166940A1-2C91-4BD0-B72B-A517FBD8BF0B}.FxCop|Any CPU.ActiveCfg = Release|Any CPU
		{166940A1-2C91-4BD0-B72B-A517FBD8BF0B}.FxCop|Any CPU.Build.0 = Release|Any CPU
		{166940A1-2C91-4BD0-B72B-A517FBD8BF0B}.Release|Any CPU.ActiveCfg = Release|Any CPU
		{166940A1-2C91-4BD0-B72B-A517FBD8BF0B}.Release|Any CPU.Build.0 = Release|Any CPU
		{166940A1-2C91-4BD0-B72B-A517FBD8BF0B}.Silverlight Debug|Any CPU.ActiveCfg = Debug|Any CPU
		{166940A1-2C91-4BD0-B72B-A517FBD8BF0B}.Silverlight Release|Any CPU.ActiveCfg = Release|Any CPU
		{2AE75F5A-CD1F-4925-9647-AF4D1C282FB4}.Debug|Any CPU.ActiveCfg = Debug|Any CPU
		{2AE75F5A-CD1F-4925-9647-AF4D1C282FB4}.Debug|Any CPU.Build.0 = Debug|Any CPU
		{2AE75F5A-CD1F-4925-9647-AF4D1C282FB4}.FxCop|Any CPU.ActiveCfg = FxCop|Any CPU
		{2AE75F5A-CD1F-4925-9647-AF4D1C282FB4}.FxCop|Any CPU.Build.0 = FxCop|Any CPU
		{2AE75F5A-CD1F-4925-9647-AF4D1C282FB4}.Release|Any CPU.ActiveCfg = Release|Any CPU
		{2AE75F5A-CD1F-4925-9647-AF4D1C282FB4}.Release|Any CPU.Build.0 = Release|Any CPU
		{2AE75F5A-CD1F-4925-9647-AF4D1C282FB4}.Silverlight Debug|Any CPU.ActiveCfg = Silverlight Debug|Any CPU
		{2AE75F5A-CD1F-4925-9647-AF4D1C282FB4}.Silverlight Debug|Any CPU.Build.0 = Silverlight Debug|Any CPU
		{2AE75F5A-CD1F-4925-9647-AF4D1C282FB4}.Silverlight Release|Any CPU.ActiveCfg = Silverlight Release|Any CPU
		{2AE75F5A-CD1F-4925-9647-AF4D1C282FB4}.Silverlight Release|Any CPU.Build.0 = Silverlight Release|Any CPU
		{D4AE44AD-07B9-41DC-BB3B-1FDCDE3C987D}.Debug|Any CPU.ActiveCfg = Debug|Any CPU
		{D4AE44AD-07B9-41DC-BB3B-1FDCDE3C987D}.Debug|Any CPU.Build.0 = Debug|Any CPU
		{D4AE44AD-07B9-41DC-BB3B-1FDCDE3C987D}.FxCop|Any CPU.ActiveCfg = FxCop|Any CPU
		{D4AE44AD-07B9-41DC-BB3B-1FDCDE3C987D}.FxCop|Any CPU.Build.0 = FxCop|Any CPU
		{D4AE44AD-07B9-41DC-BB3B-1FDCDE3C987D}.Release|Any CPU.ActiveCfg = Release|Any CPU
		{D4AE44AD-07B9-41DC-BB3B-1FDCDE3C987D}.Release|Any CPU.Build.0 = Release|Any CPU
		{D4AE44AD-07B9-41DC-BB3B-1FDCDE3C987D}.Silverlight Debug|Any CPU.ActiveCfg = Debug|Any CPU
		{D4AE44AD-07B9-41DC-BB3B-1FDCDE3C987D}.Silverlight Release|Any CPU.ActiveCfg = Release|Any CPU
		{77323B06-15A2-4CF4-8A7A-86EAA2B66498}.Debug|Any CPU.ActiveCfg = Debug|Any CPU
		{77323B06-15A2-4CF4-8A7A-86EAA2B66498}.Debug|Any CPU.Build.0 = Debug|Any CPU
		{77323B06-15A2-4CF4-8A7A-86EAA2B66498}.FxCop|Any CPU.ActiveCfg = Release|Any CPU
		{77323B06-15A2-4CF4-8A7A-86EAA2B66498}.FxCop|Any CPU.Build.0 = Release|Any CPU
		{77323B06-15A2-4CF4-8A7A-86EAA2B66498}.Release|Any CPU.ActiveCfg = Release|Any CPU
		{77323B06-15A2-4CF4-8A7A-86EAA2B66498}.Release|Any CPU.Build.0 = Release|Any CPU
		{77323B06-15A2-4CF4-8A7A-86EAA2B66498}.Silverlight Debug|Any CPU.ActiveCfg = Silverlight Debug|Any CPU
		{77323B06-15A2-4CF4-8A7A-86EAA2B66498}.Silverlight Debug|Any CPU.Build.0 = Silverlight Debug|Any CPU
		{77323B06-15A2-4CF4-8A7A-86EAA2B66498}.Silverlight Release|Any CPU.ActiveCfg = Silverlight Release|Any CPU
		{77323B06-15A2-4CF4-8A7A-86EAA2B66498}.Silverlight Release|Any CPU.Build.0 = Silverlight Release|Any CPU
		{5F692D9C-968B-48BF-AC2F-6B4F54D9C1BB}.Debug|Any CPU.ActiveCfg = Debug|Any CPU
		{5F692D9C-968B-48BF-AC2F-6B4F54D9C1BB}.Debug|Any CPU.Build.0 = Debug|Any CPU
		{5F692D9C-968B-48BF-AC2F-6B4F54D9C1BB}.FxCop|Any CPU.ActiveCfg = Release|Any CPU
		{5F692D9C-968B-48BF-AC2F-6B4F54D9C1BB}.FxCop|Any CPU.Build.0 = Release|Any CPU
		{5F692D9C-968B-48BF-AC2F-6B4F54D9C1BB}.Release|Any CPU.ActiveCfg = Release|Any CPU
		{5F692D9C-968B-48BF-AC2F-6B4F54D9C1BB}.Release|Any CPU.Build.0 = Release|Any CPU
		{5F692D9C-968B-48BF-AC2F-6B4F54D9C1BB}.Silverlight Debug|Any CPU.ActiveCfg = Debug|Any CPU
		{5F692D9C-968B-48BF-AC2F-6B4F54D9C1BB}.Silverlight Release|Any CPU.ActiveCfg = Release|Any CPU
		{EB66B766-6354-4208-A3D4-AACBDCB5C3B3}.Debug|Any CPU.ActiveCfg = Debug|Any CPU
		{EB66B766-6354-4208-A3D4-AACBDCB5C3B3}.Debug|Any CPU.Build.0 = Debug|Any CPU
		{EB66B766-6354-4208-A3D4-AACBDCB5C3B3}.FxCop|Any CPU.ActiveCfg = FxCop|Any CPU
		{EB66B766-6354-4208-A3D4-AACBDCB5C3B3}.FxCop|Any CPU.Build.0 = FxCop|Any CPU
		{EB66B766-6354-4208-A3D4-AACBDCB5C3B3}.Release|Any CPU.ActiveCfg = Release|Any CPU
		{EB66B766-6354-4208-A3D4-AACBDCB5C3B3}.Release|Any CPU.Build.0 = Release|Any CPU
		{EB66B766-6354-4208-A3D4-AACBDCB5C3B3}.Silverlight Debug|Any CPU.ActiveCfg = Silverlight Debug|Any CPU
		{EB66B766-6354-4208-A3D4-AACBDCB5C3B3}.Silverlight Debug|Any CPU.Build.0 = Silverlight Debug|Any CPU
		{EB66B766-6354-4208-A3D4-AACBDCB5C3B3}.Silverlight Release|Any CPU.ActiveCfg = Silverlight Release|Any CPU
		{EB66B766-6354-4208-A3D4-AACBDCB5C3B3}.Silverlight Release|Any CPU.Build.0 = Silverlight Release|Any CPU
		{AA18A245-E342-4368-A474-83178311A742}.Debug|Any CPU.ActiveCfg = Debug|Any CPU
		{AA18A245-E342-4368-A474-83178311A742}.Debug|Any CPU.Build.0 = Debug|Any CPU
		{AA18A245-E342-4368-A474-83178311A742}.FxCop|Any CPU.ActiveCfg = Release|Any CPU
		{AA18A245-E342-4368-A474-83178311A742}.FxCop|Any CPU.Build.0 = Release|Any CPU
		{AA18A245-E342-4368-A474-83178311A742}.Release|Any CPU.ActiveCfg = Release|Any CPU
		{AA18A245-E342-4368-A474-83178311A742}.Release|Any CPU.Build.0 = Release|Any CPU
		{AA18A245-E342-4368-A474-83178311A742}.Silverlight Debug|Any CPU.ActiveCfg = Debug|Any CPU
		{AA18A245-E342-4368-A474-83178311A742}.Silverlight Release|Any CPU.ActiveCfg = Release|Any CPU
		{8B0F1074-750E-4D64-BF23-A1E0F54261E5}.Debug|Any CPU.ActiveCfg = Debug|Any CPU
		{8B0F1074-750E-4D64-BF23-A1E0F54261E5}.Debug|Any CPU.Build.0 = Debug|Any CPU
		{8B0F1074-750E-4D64-BF23-A1E0F54261E5}.FxCop|Any CPU.ActiveCfg = FxCop|Any CPU
		{8B0F1074-750E-4D64-BF23-A1E0F54261E5}.FxCop|Any CPU.Build.0 = FxCop|Any CPU
		{8B0F1074-750E-4D64-BF23-A1E0F54261E5}.Release|Any CPU.ActiveCfg = Release|Any CPU
		{8B0F1074-750E-4D64-BF23-A1E0F54261E5}.Release|Any CPU.Build.0 = Release|Any CPU
		{8B0F1074-750E-4D64-BF23-A1E0F54261E5}.Silverlight Debug|Any CPU.ActiveCfg = Silverlight Debug|Any CPU
		{8B0F1074-750E-4D64-BF23-A1E0F54261E5}.Silverlight Debug|Any CPU.Build.0 = Silverlight Debug|Any CPU
		{8B0F1074-750E-4D64-BF23-A1E0F54261E5}.Silverlight Release|Any CPU.ActiveCfg = Silverlight Release|Any CPU
		{8B0F1074-750E-4D64-BF23-A1E0F54261E5}.Silverlight Release|Any CPU.Build.0 = Silverlight Release|Any CPU
		{534A82C6-3EB0-4888-ABD2-A15284683E8D}.Debug|Any CPU.ActiveCfg = Debug|Any CPU
		{534A82C6-3EB0-4888-ABD2-A15284683E8D}.FxCop|Any CPU.ActiveCfg = Release|Any CPU
		{534A82C6-3EB0-4888-ABD2-A15284683E8D}.Release|Any CPU.ActiveCfg = Release|Any CPU
		{534A82C6-3EB0-4888-ABD2-A15284683E8D}.Silverlight Debug|Any CPU.ActiveCfg = Debug|Any CPU
		{534A82C6-3EB0-4888-ABD2-A15284683E8D}.Silverlight Release|Any CPU.ActiveCfg = Release|Any CPU
	EndGlobalSection
	GlobalSection(SolutionProperties) = preSolution
		HideSolutionNode = FALSE
	EndGlobalSection
EndGlobal
