
Microsoft Visual Studio Solution File, Format Version 10.00
# Visual Studio 2008
Project("{FAE04EC0-301F-11D3-BF4B-00C04F79EFBC}") = "IronRuby.Tests", "IronRuby.Tests\IronRuby.Tests.csproj", "{8103D91B-89D8-4A18-9A40-426992602EA2}"
EndProject
Project("{FAE04EC0-301F-11D3-BF4B-00C04F79EFBC}") = "Ruby", "Ruby\Ruby.csproj", "{7F6984B4-EE6D-4E6F-ABB1-E210D7DC4FDD}"
EndProject
Project("{FAE04EC0-301F-11D3-BF4B-00C04F79EFBC}") = "Ruby.Console", "Console\Ruby.Console.csproj", "{D6AB587D-A888-4B98-85AC-F15E36F53838}"
EndProject
Project("{FAE04EC0-301F-11D3-BF4B-00C04F79EFBC}") = "ClassInitGenerator", "ClassInitGenerator\ClassInitGenerator.csproj", "{166940A1-2C91-4BD0-B72B-A517FBD8BF0B}"
EndProject
Project("{FAE04EC0-301F-11D3-BF4B-00C04F79EFBC}") = "Microsoft.Scripting.Core", "..\..\..\..\ndp\fx\src\Core\Microsoft\Scripting\Microsoft.Scripting.Core.csproj", "{2AE75F5A-CD1F-4925-9647-AF4D1C282FB4}"
EndProject
Project("{FAE04EC0-301F-11D3-BF4B-00C04F79EFBC}") = "IronRuby.Libraries", "Libraries.LCA_RESTRICTED\IronRuby.Libraries.csproj", "{77323B06-15A2-4CF4-8A7A-86EAA2B66498}"
EndProject
Project("{FAE04EC0-301F-11D3-BF4B-00C04F79EFBC}") = "IronRuby.Libraries.Yaml", "..\..\..\External.LCA_RESTRICTED\Languages\IronRuby\yaml\IronRuby.Libraries.Yaml\IronRuby.Libraries.Yaml.csproj", "{AA18A245-E342-4368-A474-83178311A742}"
EndProject
Project("{FAE04EC0-301F-11D3-BF4B-00C04F79EFBC}") = "Microsoft.Scripting.ExtensionAttribute", "..\..\..\..\ndp\fx\src\Core\Microsoft\Scripting\Microsoft.Scripting.ExtensionAttribute.csproj", "{8B0F1074-750E-4D64-BF23-A1E0F54261E5}"
EndProject
Project("{2150E333-8FDC-42A3-9474-1A3956D46DE8}") = "Solution Items", "Solution Items", "{A6B6A5B5-335A-4515-8535-954DE8A953EF}"
	ProjectSection(SolutionItems) = preProject
		Scripts\CodeGenerator.rb = Scripts\CodeGenerator.rb
	EndProjectSection
EndProject
Project("{FAE04EC0-301F-11D3-BF4B-00C04F79EFBC}") = "RubySpec", "Tests\RubySpec\RubySpec.csproj", "{534A82C6-3EB0-4888-ABD2-A15284683E8D}"
EndProject
Project("{FAE04EC0-301F-11D3-BF4B-00C04F79EFBC}") = "Ruby.ConsoleAny", "Console\Ruby.ConsoleAny.csproj", "{6EE7A428-D803-41BC-8248-1297C3ACE369}"
EndProject
Project("{FAE04EC0-301F-11D3-BF4B-00C04F79EFBC}") = "Microsoft.Scripting.Debugging", "..\..\Debugging\Microsoft.Scripting.Debugging\Microsoft.Scripting.Debugging.csproj", "{ED82A346-1CD9-4CB0-9C00-4CDD4CF577CF}"
EndProject
Project("{FAE04EC0-301F-11D3-BF4B-00C04F79EFBC}") = "Microsoft.Scripting", "..\..\Runtime\Microsoft.Scripting\Microsoft.Scripting.csproj", "{02FF0909-F5AD-48CF-A86A-345E721B7E40}"
EndProject
Project("{FAE04EC0-301F-11D3-BF4B-00C04F79EFBC}") = "Microsoft.Dynamic", "..\..\Runtime\Microsoft.Dynamic\Microsoft.Dynamic.csproj", "{EB66B766-6354-4208-A3D4-AACBDCB5C3B3}"
EndProject
Global
	GlobalSection(TeamFoundationVersionControl) = preSolution
		SccNumberOfProjects = 14
		SccEnterpriseProvider = {4CA58AB2-18FA-4F8D-95D4-32DDF27D184C}
		SccTeamFoundationServer = http://vstfdevdiv:8080/
		SccLocalPath0 = .
		SccProjectUniqueName1 = IronRuby.Tests\\IronRuby.Tests.csproj
		SccProjectName1 = IronRuby.Tests
		SccLocalPath1 = IronRuby.Tests
		SccProjectUniqueName2 = Ruby\\Ruby.csproj
		SccProjectName2 = Ruby
		SccLocalPath2 = Ruby
		SccProjectUniqueName3 = Console\\Ruby.Console.csproj
		SccProjectName3 = Console
		SccLocalPath3 = Console
		SccProjectUniqueName4 = ClassInitGenerator\\ClassInitGenerator.csproj
		SccProjectName4 = ClassInitGenerator
		SccLocalPath4 = ClassInitGenerator
		SccProjectUniqueName5 = Libraries.LCA_RESTRICTED\\IronRuby.Libraries.csproj
		SccProjectName5 = Libraries.LCA_RESTRICTED
		SccLocalPath5 = Libraries.LCA_RESTRICTED
		SccProjectUniqueName6 = ..\\..\\..\\..\\ndp\\fx\\src\\Core\\Microsoft\\Scripting\\Microsoft.Scripting.Core.csproj
		SccProjectName6 = ../../../../ndp/fx/src/Core/Microsoft/Scripting
		SccLocalPath6 = ..\\..\\..\\..\\ndp\\fx\\src\\Core\\Microsoft\\Scripting
		SccProjectUniqueName7 = ..\\..\\..\\External.LCA_RESTRICTED\\Languages\\IronRuby\\yaml\\IronRuby.Libraries.Yaml\\IronRuby.Libraries.Yaml.csproj
		SccProjectName7 = ../../../External.LCA_RESTRICTED/Languages/IronRuby/yaml/IronRuby.Libraries.Yaml
		SccLocalPath7 = ..\\..\\..\\External.LCA_RESTRICTED\\Languages\\IronRuby\\yaml\\IronRuby.Libraries.Yaml
		SccProjectUniqueName8 = ..\\..\\..\\..\\ndp\\fx\\src\\Core\\Microsoft\\Scripting\\Microsoft.Scripting.ExtensionAttribute.csproj
		SccProjectName8 = ../../../../ndp/fx/src/Core/Microsoft/Scripting
		SccLocalPath8 = ..\\..\\..\\..\\ndp\\fx\\src\\Core\\Microsoft\\Scripting
		SccProjectUniqueName9 = Tests\\RubySpec\\RubySpec.csproj
		SccProjectName9 = Tests/RubySpec
		SccLocalPath9 = Tests\\RubySpec
		SccProjectUniqueName10 = Console\\Ruby.ConsoleAny.csproj
		SccProjectName10 = Console
		SccLocalPath10 = Console
		SccProjectUniqueName11 = ..\\..\\Debugging\\Microsoft.Scripting.Debugging\\Microsoft.Scripting.Debugging.csproj
		SccProjectName11 = ../../Debugging/Microsoft.Scripting.Debugging
		SccLocalPath11 = ..\\..\\Debugging\\Microsoft.Scripting.Debugging
		SccProjectUniqueName12 = ..\\..\\Runtime\\Microsoft.Scripting\\Microsoft.Scripting.csproj
		SccProjectName12 = ../../Runtime/Microsoft.Scripting
		SccLocalPath12 = ..\\..\\Runtime\\Microsoft.Scripting
		SccProjectUniqueName13 = ..\\..\\Runtime\\Microsoft.Dynamic\\Microsoft.Dynamic.csproj
		SccProjectName13 = ../../Runtime/Microsoft.Dynamic
		SccLocalPath13 = ..\\..\\Runtime\\Microsoft.Dynamic
	EndGlobalSection
	GlobalSection(SolutionConfigurationPlatforms) = preSolution
		Debug|Any CPU = Debug|Any CPU
		FxCop|Any CPU = FxCop|Any CPU
		Release|Any CPU = Release|Any CPU
		Silverlight Debug|Any CPU = Silverlight Debug|Any CPU
		Silverlight Release|Any CPU = Silverlight Release|Any CPU
		V4 Debug|Any CPU = V4 Debug|Any CPU
		V4 Release|Any CPU = V4 Release|Any CPU
	EndGlobalSection
	GlobalSection(ProjectConfigurationPlatforms) = postSolution
		{8103D91B-89D8-4A18-9A40-426992602EA2}.Debug|Any CPU.ActiveCfg = Debug|Any CPU
		{8103D91B-89D8-4A18-9A40-426992602EA2}.Debug|Any CPU.Build.0 = Debug|Any CPU
		{8103D91B-89D8-4A18-9A40-426992602EA2}.FxCop|Any CPU.ActiveCfg = Release|Any CPU
		{8103D91B-89D8-4A18-9A40-426992602EA2}.FxCop|Any CPU.Build.0 = Release|Any CPU
		{8103D91B-89D8-4A18-9A40-426992602EA2}.Release|Any CPU.ActiveCfg = Release|Any CPU
		{8103D91B-89D8-4A18-9A40-426992602EA2}.Release|Any CPU.Build.0 = Release|Any CPU
		{8103D91B-89D8-4A18-9A40-426992602EA2}.Silverlight Debug|Any CPU.ActiveCfg = Debug|Any CPU
		{8103D91B-89D8-4A18-9A40-426992602EA2}.Silverlight Release|Any CPU.ActiveCfg = Release|Any CPU
		{8103D91B-89D8-4A18-9A40-426992602EA2}.V4 Debug|Any CPU.ActiveCfg = V4 Debug|Any CPU
		{8103D91B-89D8-4A18-9A40-426992602EA2}.V4 Debug|Any CPU.Build.0 = V4 Debug|Any CPU
		{8103D91B-89D8-4A18-9A40-426992602EA2}.V4 Release|Any CPU.ActiveCfg = V4 Release|Any CPU
		{8103D91B-89D8-4A18-9A40-426992602EA2}.V4 Release|Any CPU.Build.0 = V4 Release|Any CPU
		{7F6984B4-EE6D-4E6F-ABB1-E210D7DC4FDD}.Debug|Any CPU.ActiveCfg = Debug|Any CPU
		{7F6984B4-EE6D-4E6F-ABB1-E210D7DC4FDD}.Debug|Any CPU.Build.0 = Debug|Any CPU
		{7F6984B4-EE6D-4E6F-ABB1-E210D7DC4FDD}.FxCop|Any CPU.ActiveCfg = FxCop|Any CPU
		{7F6984B4-EE6D-4E6F-ABB1-E210D7DC4FDD}.FxCop|Any CPU.Build.0 = FxCop|Any CPU
		{7F6984B4-EE6D-4E6F-ABB1-E210D7DC4FDD}.Release|Any CPU.ActiveCfg = Release|Any CPU
		{7F6984B4-EE6D-4E6F-ABB1-E210D7DC4FDD}.Release|Any CPU.Build.0 = Release|Any CPU
		{7F6984B4-EE6D-4E6F-ABB1-E210D7DC4FDD}.Silverlight Debug|Any CPU.ActiveCfg = Silverlight Debug|Any CPU
		{7F6984B4-EE6D-4E6F-ABB1-E210D7DC4FDD}.Silverlight Debug|Any CPU.Build.0 = Silverlight Debug|Any CPU
		{7F6984B4-EE6D-4E6F-ABB1-E210D7DC4FDD}.Silverlight Release|Any CPU.ActiveCfg = Silverlight Release|Any CPU
		{7F6984B4-EE6D-4E6F-ABB1-E210D7DC4FDD}.Silverlight Release|Any CPU.Build.0 = Silverlight Release|Any CPU
		{7F6984B4-EE6D-4E6F-ABB1-E210D7DC4FDD}.V4 Debug|Any CPU.ActiveCfg = V4 Debug|Any CPU
		{7F6984B4-EE6D-4E6F-ABB1-E210D7DC4FDD}.V4 Debug|Any CPU.Build.0 = V4 Debug|Any CPU
		{7F6984B4-EE6D-4E6F-ABB1-E210D7DC4FDD}.V4 Release|Any CPU.ActiveCfg = V4 Release|Any CPU
		{7F6984B4-EE6D-4E6F-ABB1-E210D7DC4FDD}.V4 Release|Any CPU.Build.0 = V4 Release|Any CPU
		{D6AB587D-A888-4B98-85AC-F15E36F53838}.Debug|Any CPU.ActiveCfg = Debug|Any CPU
		{D6AB587D-A888-4B98-85AC-F15E36F53838}.Debug|Any CPU.Build.0 = Debug|Any CPU
		{D6AB587D-A888-4B98-85AC-F15E36F53838}.FxCop|Any CPU.ActiveCfg = Release|Any CPU
		{D6AB587D-A888-4B98-85AC-F15E36F53838}.FxCop|Any CPU.Build.0 = Release|Any CPU
		{D6AB587D-A888-4B98-85AC-F15E36F53838}.Release|Any CPU.ActiveCfg = Release|Any CPU
		{D6AB587D-A888-4B98-85AC-F15E36F53838}.Release|Any CPU.Build.0 = Release|Any CPU
		{D6AB587D-A888-4B98-85AC-F15E36F53838}.Silverlight Debug|Any CPU.ActiveCfg = Debug|Any CPU
		{D6AB587D-A888-4B98-85AC-F15E36F53838}.Silverlight Release|Any CPU.ActiveCfg = Release|Any CPU
		{D6AB587D-A888-4B98-85AC-F15E36F53838}.V4 Debug|Any CPU.ActiveCfg = V4 Debug|Any CPU
		{D6AB587D-A888-4B98-85AC-F15E36F53838}.V4 Debug|Any CPU.Build.0 = V4 Debug|Any CPU
		{D6AB587D-A888-4B98-85AC-F15E36F53838}.V4 Release|Any CPU.ActiveCfg = V4 Release|Any CPU
		{D6AB587D-A888-4B98-85AC-F15E36F53838}.V4 Release|Any CPU.Build.0 = V4 Release|Any CPU
		{166940A1-2C91-4BD0-B72B-A517FBD8BF0B}.Debug|Any CPU.ActiveCfg = Debug|Any CPU
		{166940A1-2C91-4BD0-B72B-A517FBD8BF0B}.Debug|Any CPU.Build.0 = Debug|Any CPU
		{166940A1-2C91-4BD0-B72B-A517FBD8BF0B}.FxCop|Any CPU.ActiveCfg = Release|Any CPU
		{166940A1-2C91-4BD0-B72B-A517FBD8BF0B}.FxCop|Any CPU.Build.0 = Release|Any CPU
		{166940A1-2C91-4BD0-B72B-A517FBD8BF0B}.Release|Any CPU.ActiveCfg = Release|Any CPU
		{166940A1-2C91-4BD0-B72B-A517FBD8BF0B}.Release|Any CPU.Build.0 = Release|Any CPU
		{166940A1-2C91-4BD0-B72B-A517FBD8BF0B}.Silverlight Debug|Any CPU.ActiveCfg = Debug|Any CPU
		{166940A1-2C91-4BD0-B72B-A517FBD8BF0B}.Silverlight Release|Any CPU.ActiveCfg = Release|Any CPU
		{166940A1-2C91-4BD0-B72B-A517FBD8BF0B}.V4 Debug|Any CPU.ActiveCfg = V4 Debug|Any CPU
		{166940A1-2C91-4BD0-B72B-A517FBD8BF0B}.V4 Debug|Any CPU.Build.0 = V4 Debug|Any CPU
		{166940A1-2C91-4BD0-B72B-A517FBD8BF0B}.V4 Release|Any CPU.ActiveCfg = V4 Release|Any CPU
		{166940A1-2C91-4BD0-B72B-A517FBD8BF0B}.V4 Release|Any CPU.Build.0 = V4 Release|Any CPU
		{2AE75F5A-CD1F-4925-9647-AF4D1C282FB4}.Debug|Any CPU.ActiveCfg = Debug|Any CPU
		{2AE75F5A-CD1F-4925-9647-AF4D1C282FB4}.Debug|Any CPU.Build.0 = Debug|Any CPU
		{2AE75F5A-CD1F-4925-9647-AF4D1C282FB4}.FxCop|Any CPU.ActiveCfg = FxCop|Any CPU
		{2AE75F5A-CD1F-4925-9647-AF4D1C282FB4}.FxCop|Any CPU.Build.0 = FxCop|Any CPU
		{2AE75F5A-CD1F-4925-9647-AF4D1C282FB4}.Release|Any CPU.ActiveCfg = Release|Any CPU
		{2AE75F5A-CD1F-4925-9647-AF4D1C282FB4}.Release|Any CPU.Build.0 = Release|Any CPU
		{2AE75F5A-CD1F-4925-9647-AF4D1C282FB4}.Silverlight Debug|Any CPU.ActiveCfg = Silverlight Debug|Any CPU
		{2AE75F5A-CD1F-4925-9647-AF4D1C282FB4}.Silverlight Debug|Any CPU.Build.0 = Silverlight Debug|Any CPU
		{2AE75F5A-CD1F-4925-9647-AF4D1C282FB4}.Silverlight Release|Any CPU.ActiveCfg = Silverlight Release|Any CPU
		{2AE75F5A-CD1F-4925-9647-AF4D1C282FB4}.Silverlight Release|Any CPU.Build.0 = Silverlight Release|Any CPU
		{2AE75F5A-CD1F-4925-9647-AF4D1C282FB4}.V4 Debug|Any CPU.ActiveCfg = Debug|Any CPU
		{2AE75F5A-CD1F-4925-9647-AF4D1C282FB4}.V4 Debug|Any CPU.Build.0 = Debug|Any CPU
		{2AE75F5A-CD1F-4925-9647-AF4D1C282FB4}.V4 Release|Any CPU.ActiveCfg = Release|Any CPU
		{2AE75F5A-CD1F-4925-9647-AF4D1C282FB4}.V4 Release|Any CPU.Build.0 = Release|Any CPU
		{77323B06-15A2-4CF4-8A7A-86EAA2B66498}.Debug|Any CPU.ActiveCfg = Debug|Any CPU
		{77323B06-15A2-4CF4-8A7A-86EAA2B66498}.Debug|Any CPU.Build.0 = Debug|Any CPU
		{77323B06-15A2-4CF4-8A7A-86EAA2B66498}.FxCop|Any CPU.ActiveCfg = FxCop|Any CPU
		{77323B06-15A2-4CF4-8A7A-86EAA2B66498}.FxCop|Any CPU.Build.0 = FxCop|Any CPU
		{77323B06-15A2-4CF4-8A7A-86EAA2B66498}.Release|Any CPU.ActiveCfg = Release|Any CPU
		{77323B06-15A2-4CF4-8A7A-86EAA2B66498}.Release|Any CPU.Build.0 = Release|Any CPU
		{77323B06-15A2-4CF4-8A7A-86EAA2B66498}.Silverlight Debug|Any CPU.ActiveCfg = Silverlight Debug|Any CPU
		{77323B06-15A2-4CF4-8A7A-86EAA2B66498}.Silverlight Debug|Any CPU.Build.0 = Silverlight Debug|Any CPU
		{77323B06-15A2-4CF4-8A7A-86EAA2B66498}.Silverlight Release|Any CPU.ActiveCfg = Silverlight Release|Any CPU
		{77323B06-15A2-4CF4-8A7A-86EAA2B66498}.Silverlight Release|Any CPU.Build.0 = Silverlight Release|Any CPU
		{77323B06-15A2-4CF4-8A7A-86EAA2B66498}.V4 Debug|Any CPU.ActiveCfg = V4 Debug|Any CPU
		{77323B06-15A2-4CF4-8A7A-86EAA2B66498}.V4 Debug|Any CPU.Build.0 = V4 Debug|Any CPU
		{77323B06-15A2-4CF4-8A7A-86EAA2B66498}.V4 Release|Any CPU.ActiveCfg = V4 Release|Any CPU
		{77323B06-15A2-4CF4-8A7A-86EAA2B66498}.V4 Release|Any CPU.Build.0 = V4 Release|Any CPU
		{AA18A245-E342-4368-A474-83178311A742}.Debug|Any CPU.ActiveCfg = Debug|Any CPU
		{AA18A245-E342-4368-A474-83178311A742}.Debug|Any CPU.Build.0 = Debug|Any CPU
		{AA18A245-E342-4368-A474-83178311A742}.FxCop|Any CPU.ActiveCfg = FxCop|Any CPU
		{AA18A245-E342-4368-A474-83178311A742}.FxCop|Any CPU.Build.0 = FxCop|Any CPU
		{AA18A245-E342-4368-A474-83178311A742}.Release|Any CPU.ActiveCfg = Release|Any CPU
		{AA18A245-E342-4368-A474-83178311A742}.Release|Any CPU.Build.0 = Release|Any CPU
		{AA18A245-E342-4368-A474-83178311A742}.Silverlight Debug|Any CPU.ActiveCfg = Debug|Any CPU
		{AA18A245-E342-4368-A474-83178311A742}.Silverlight Release|Any CPU.ActiveCfg = Release|Any CPU
		{AA18A245-E342-4368-A474-83178311A742}.V4 Debug|Any CPU.ActiveCfg = V4 Debug|Any CPU
		{AA18A245-E342-4368-A474-83178311A742}.V4 Debug|Any CPU.Build.0 = V4 Debug|Any CPU
		{AA18A245-E342-4368-A474-83178311A742}.V4 Release|Any CPU.ActiveCfg = V4 Release|Any CPU
		{AA18A245-E342-4368-A474-83178311A742}.V4 Release|Any CPU.Build.0 = V4 Release|Any CPU
		{8B0F1074-750E-4D64-BF23-A1E0F54261E5}.Debug|Any CPU.ActiveCfg = Debug|Any CPU
		{8B0F1074-750E-4D64-BF23-A1E0F54261E5}.Debug|Any CPU.Build.0 = Debug|Any CPU
		{8B0F1074-750E-4D64-BF23-A1E0F54261E5}.FxCop|Any CPU.ActiveCfg = FxCop|Any CPU
		{8B0F1074-750E-4D64-BF23-A1E0F54261E5}.FxCop|Any CPU.Build.0 = FxCop|Any CPU
		{8B0F1074-750E-4D64-BF23-A1E0F54261E5}.Release|Any CPU.ActiveCfg = Release|Any CPU
		{8B0F1074-750E-4D64-BF23-A1E0F54261E5}.Release|Any CPU.Build.0 = Release|Any CPU
		{8B0F1074-750E-4D64-BF23-A1E0F54261E5}.Silverlight Debug|Any CPU.ActiveCfg = Silverlight Debug|Any CPU
		{8B0F1074-750E-4D64-BF23-A1E0F54261E5}.Silverlight Debug|Any CPU.Build.0 = Silverlight Debug|Any CPU
		{8B0F1074-750E-4D64-BF23-A1E0F54261E5}.Silverlight Release|Any CPU.ActiveCfg = Silverlight Release|Any CPU
		{8B0F1074-750E-4D64-BF23-A1E0F54261E5}.Silverlight Release|Any CPU.Build.0 = Silverlight Release|Any CPU
		{8B0F1074-750E-4D64-BF23-A1E0F54261E5}.V4 Debug|Any CPU.ActiveCfg = Debug|Any CPU
		{8B0F1074-750E-4D64-BF23-A1E0F54261E5}.V4 Debug|Any CPU.Build.0 = Debug|Any CPU
		{8B0F1074-750E-4D64-BF23-A1E0F54261E5}.V4 Release|Any CPU.ActiveCfg = Release|Any CPU
		{8B0F1074-750E-4D64-BF23-A1E0F54261E5}.V4 Release|Any CPU.Build.0 = Release|Any CPU
		{534A82C6-3EB0-4888-ABD2-A15284683E8D}.Debug|Any CPU.ActiveCfg = Debug|Any CPU
		{534A82C6-3EB0-4888-ABD2-A15284683E8D}.FxCop|Any CPU.ActiveCfg = Release|Any CPU
		{534A82C6-3EB0-4888-ABD2-A15284683E8D}.Release|Any CPU.ActiveCfg = Release|Any CPU
		{534A82C6-3EB0-4888-ABD2-A15284683E8D}.Silverlight Debug|Any CPU.ActiveCfg = Debug|Any CPU
		{534A82C6-3EB0-4888-ABD2-A15284683E8D}.Silverlight Release|Any CPU.ActiveCfg = Release|Any CPU
		{534A82C6-3EB0-4888-ABD2-A15284683E8D}.V4 Debug|Any CPU.ActiveCfg = Debug|Any CPU
		{534A82C6-3EB0-4888-ABD2-A15284683E8D}.V4 Release|Any CPU.ActiveCfg = Release|Any CPU
		{6EE7A428-D803-41BC-8248-1297C3ACE369}.Debug|Any CPU.ActiveCfg = Debug|Any CPU
		{6EE7A428-D803-41BC-8248-1297C3ACE369}.Debug|Any CPU.Build.0 = Debug|Any CPU
		{6EE7A428-D803-41BC-8248-1297C3ACE369}.FxCop|Any CPU.ActiveCfg = Release|Any CPU
		{6EE7A428-D803-41BC-8248-1297C3ACE369}.FxCop|Any CPU.Build.0 = Release|Any CPU
		{6EE7A428-D803-41BC-8248-1297C3ACE369}.Release|Any CPU.ActiveCfg = Release|Any CPU
		{6EE7A428-D803-41BC-8248-1297C3ACE369}.Release|Any CPU.Build.0 = Release|Any CPU
		{6EE7A428-D803-41BC-8248-1297C3ACE369}.Silverlight Debug|Any CPU.ActiveCfg = Debug|Any CPU
		{6EE7A428-D803-41BC-8248-1297C3ACE369}.Silverlight Release|Any CPU.ActiveCfg = Release|Any CPU
		{6EE7A428-D803-41BC-8248-1297C3ACE369}.V4 Debug|Any CPU.ActiveCfg = V4 Debug|Any CPU
		{6EE7A428-D803-41BC-8248-1297C3ACE369}.V4 Debug|Any CPU.Build.0 = V4 Debug|Any CPU
		{6EE7A428-D803-41BC-8248-1297C3ACE369}.V4 Release|Any CPU.ActiveCfg = V4 Release|Any CPU
		{6EE7A428-D803-41BC-8248-1297C3ACE369}.V4 Release|Any CPU.Build.0 = V4 Release|Any CPU
		{ED82A346-1CD9-4CB0-9C00-4CDD4CF577CF}.Debug|Any CPU.ActiveCfg = Debug|Any CPU
		{ED82A346-1CD9-4CB0-9C00-4CDD4CF577CF}.Debug|Any CPU.Build.0 = Debug|Any CPU
		{ED82A346-1CD9-4CB0-9C00-4CDD4CF577CF}.FxCop|Any CPU.ActiveCfg = FxCop|Any CPU
		{ED82A346-1CD9-4CB0-9C00-4CDD4CF577CF}.FxCop|Any CPU.Build.0 = FxCop|Any CPU
		{ED82A346-1CD9-4CB0-9C00-4CDD4CF577CF}.Release|Any CPU.ActiveCfg = Release|Any CPU
		{ED82A346-1CD9-4CB0-9C00-4CDD4CF577CF}.Release|Any CPU.Build.0 = Release|Any CPU
		{ED82A346-1CD9-4CB0-9C00-4CDD4CF577CF}.Silverlight Debug|Any CPU.ActiveCfg = Silverlight Debug|Any CPU
		{ED82A346-1CD9-4CB0-9C00-4CDD4CF577CF}.Silverlight Debug|Any CPU.Build.0 = Silverlight Debug|Any CPU
		{ED82A346-1CD9-4CB0-9C00-4CDD4CF577CF}.Silverlight Release|Any CPU.ActiveCfg = Silverlight Release|Any CPU
		{ED82A346-1CD9-4CB0-9C00-4CDD4CF577CF}.Silverlight Release|Any CPU.Build.0 = Silverlight Release|Any CPU
		{ED82A346-1CD9-4CB0-9C00-4CDD4CF577CF}.V4 Debug|Any CPU.ActiveCfg = V4 Debug|Any CPU
		{ED82A346-1CD9-4CB0-9C00-4CDD4CF577CF}.V4 Debug|Any CPU.Build.0 = V4 Debug|Any CPU
		{ED82A346-1CD9-4CB0-9C00-4CDD4CF577CF}.V4 Release|Any CPU.ActiveCfg = V4 Release|Any CPU
		{ED82A346-1CD9-4CB0-9C00-4CDD4CF577CF}.V4 Release|Any CPU.Build.0 = V4 Release|Any CPU
		{02FF0909-F5AD-48CF-A86A-345E721B7E40}.Debug|Any CPU.ActiveCfg = Debug|Any CPU
		{02FF0909-F5AD-48CF-A86A-345E721B7E40}.Debug|Any CPU.Build.0 = Debug|Any CPU
		{02FF0909-F5AD-48CF-A86A-345E721B7E40}.FxCop|Any CPU.ActiveCfg = FxCop|Any CPU
		{02FF0909-F5AD-48CF-A86A-345E721B7E40}.FxCop|Any CPU.Build.0 = FxCop|Any CPU
		{02FF0909-F5AD-48CF-A86A-345E721B7E40}.Release|Any CPU.ActiveCfg = Release|Any CPU
		{02FF0909-F5AD-48CF-A86A-345E721B7E40}.Release|Any CPU.Build.0 = Release|Any CPU
		{02FF0909-F5AD-48CF-A86A-345E721B7E40}.Silverlight Debug|Any CPU.ActiveCfg = Silverlight Debug|Any CPU
		{02FF0909-F5AD-48CF-A86A-345E721B7E40}.Silverlight Debug|Any CPU.Build.0 = Silverlight Debug|Any CPU
		{02FF0909-F5AD-48CF-A86A-345E721B7E40}.Silverlight Release|Any CPU.ActiveCfg = Silverlight Release|Any CPU
		{02FF0909-F5AD-48CF-A86A-345E721B7E40}.Silverlight Release|Any CPU.Build.0 = Silverlight Release|Any CPU
		{02FF0909-F5AD-48CF-A86A-345E721B7E40}.V4 Debug|Any CPU.ActiveCfg = V4 Debug|Any CPU
		{02FF0909-F5AD-48CF-A86A-345E721B7E40}.V4 Debug|Any CPU.Build.0 = V4 Debug|Any CPU
		{02FF0909-F5AD-48CF-A86A-345E721B7E40}.V4 Release|Any CPU.ActiveCfg = V4 Release|Any CPU
		{02FF0909-F5AD-48CF-A86A-345E721B7E40}.V4 Release|Any CPU.Build.0 = V4 Release|Any CPU
		{EB66B766-6354-4208-A3D4-AACBDCB5C3B3}.Debug|Any CPU.ActiveCfg = Debug|Any CPU
		{EB66B766-6354-4208-A3D4-AACBDCB5C3B3}.Debug|Any CPU.Build.0 = Debug|Any CPU
		{EB66B766-6354-4208-A3D4-AACBDCB5C3B3}.FxCop|Any CPU.ActiveCfg = FxCop|Any CPU
		{EB66B766-6354-4208-A3D4-AACBDCB5C3B3}.FxCop|Any CPU.Build.0 = FxCop|Any CPU
		{EB66B766-6354-4208-A3D4-AACBDCB5C3B3}.Release|Any CPU.ActiveCfg = Release|Any CPU
		{EB66B766-6354-4208-A3D4-AACBDCB5C3B3}.Release|Any CPU.Build.0 = Release|Any CPU
		{EB66B766-6354-4208-A3D4-AACBDCB5C3B3}.Silverlight Debug|Any CPU.ActiveCfg = Silverlight Debug|Any CPU
		{EB66B766-6354-4208-A3D4-AACBDCB5C3B3}.Silverlight Debug|Any CPU.Build.0 = Silverlight Debug|Any CPU
		{EB66B766-6354-4208-A3D4-AACBDCB5C3B3}.Silverlight Release|Any CPU.ActiveCfg = Silverlight Release|Any CPU
		{EB66B766-6354-4208-A3D4-AACBDCB5C3B3}.Silverlight Release|Any CPU.Build.0 = Silverlight Release|Any CPU
		{EB66B766-6354-4208-A3D4-AACBDCB5C3B3}.V4 Debug|Any CPU.ActiveCfg = V4 Debug|Any CPU
		{EB66B766-6354-4208-A3D4-AACBDCB5C3B3}.V4 Debug|Any CPU.Build.0 = V4 Debug|Any CPU
		{EB66B766-6354-4208-A3D4-AACBDCB5C3B3}.V4 Release|Any CPU.ActiveCfg = V4 Release|Any CPU
		{EB66B766-6354-4208-A3D4-AACBDCB5C3B3}.V4 Release|Any CPU.Build.0 = V4 Release|Any CPU
	EndGlobalSection
	GlobalSection(SolutionProperties) = preSolution
		HideSolutionNode = FALSE
	EndGlobalSection
EndGlobal
