
Microsoft Visual Studio Solution File, Format Version 11.00
# Visual Studio 2010
Project("{2150E333-8FDC-42A3-9474-1A3956D46DE8}") = "Languages", "Languages", "{6B97627A-A2FE-4CE2-B5CC-95D54E656988}"
EndProject
Project("{2150E333-8FDC-42A3-9474-1A3956D46DE8}") = "Runtime", "Runtime", "{491B4A6F-D38A-49CA-BDE8-A7693919CB0B}"
EndProject
Project("{2150E333-8FDC-42A3-9474-1A3956D46DE8}") = "IronPython", "IronPython", "{2F2B77E1-8C8A-4573-9D6D-A305144F3C79}"
EndProject
Project("{2150E333-8FDC-42A3-9474-1A3956D46DE8}") = "Hosts", "Hosts", "{18087874-CC5D-4AA1-9440-0C39A03B3EA4}"
EndProject
Project("{2150E333-8FDC-42A3-9474-1A3956D46DE8}") = "MerlinWeb", "MerlinWeb", "{3252DCB8-59BA-459B-A40D-A3E3E8971A10}"
EndProject
Project("{2150E333-8FDC-42A3-9474-1A3956D46DE8}") = "Silverlight", "Silverlight", "{A4D13BD7-AE86-4080-B105-067886DC193C}"
EndProject
Project("{2150E333-8FDC-42A3-9474-1A3956D46DE8}") = "Ruby", "Ruby", "{07FD28A6-B302-49AB-A2C9-23D431F1CE2D}"
EndProject
Project("{2150E333-8FDC-42A3-9474-1A3956D46DE8}") = "Tests", "Tests", "{9C454D45-326F-4EA1-8177-64341267A17F}"
EndProject
Project("{FAE04EC0-301F-11D3-BF4B-00C04F79EFBC}") = "IronPython", "..\Languages\IronPython\IronPython\IronPython.csproj", "{95289EA9-5778-489D-AB48-F81F2CE2DA32}"
EndProject
Project("{FAE04EC0-301F-11D3-BF4B-00C04F79EFBC}") = "IronPython.Modules", "..\Languages\IronPython\IronPython.Modules\IronPython.Modules.csproj", "{155CE436-1669-4A48-8095-410F2430237F}"
EndProject
Project("{FAE04EC0-301F-11D3-BF4B-00C04F79EFBC}") = "IronPythonConsole", "..\Languages\IronPython\IronPythonConsole\IronPythonConsole.csproj", "{811AC32C-11F3-4ED8-92A7-A7E39C2BB704}"
EndProject
Project("{FAE04EC0-301F-11D3-BF4B-00C04F79EFBC}") = "IronPythonTest", "..\Languages\IronPython\IronPythonTest\IronPythonTest.csproj", "{B6B42537-07F8-4F6C-A99A-B155CAEB124E}"
EndProject
Project("{FAE04EC0-301F-11D3-BF4B-00C04F79EFBC}") = "IronPythonWindow", "..\Languages\IronPython\IronPythonWindow\IronPythonWindow.csproj", "{81DA19C7-4FEC-47E7-981B-D9310D549F95}"
EndProject
Project("{FAE04EC0-301F-11D3-BF4B-00C04F79EFBC}") = "Microsoft.Scripting.Core", "..\Runtime\Microsoft.Scripting.Core\Microsoft.Scripting.Core.csproj", "{2AE75F5A-CD1F-4925-9647-AF4D1C282FB4}"
EndProject
Project("{FAE04EC0-301F-11D3-BF4B-00C04F79EFBC}") = "Microsoft.Scripting.AspNet", "..\Hosts\MerlinWeb\Microsoft.Scripting.AspNet\Microsoft.Scripting.AspNet.csproj", "{3272E46C-F4D9-418D-9EE9-081A1B658EE4}"
	ProjectSection(ProjectDependencies) = postProject
		{155CE436-1669-4A48-8095-410F2430237F} = {155CE436-1669-4A48-8095-410F2430237F}
		{95289EA9-5778-489D-AB48-F81F2CE2DA32} = {95289EA9-5778-489D-AB48-F81F2CE2DA32}
	EndProjectSection
EndProject
Project("{FAE04EC0-301F-11D3-BF4B-00C04F79EFBC}") = "Microsoft.Scripting.Silverlight", "..\Hosts\SilverLight\Microsoft.Scripting.SilverLight\Microsoft.Scripting.Silverlight.csproj", "{C86A7A7B-3086-4136-9B56-17E8DCB38C8D}"
EndProject
Project("{FAE04EC0-301F-11D3-BF4B-00C04F79EFBC}") = "Ruby", "..\Languages\Ruby\Ruby\Ruby.csproj", "{7F6984B4-EE6D-4E6F-ABB1-E210D7DC4FDD}"
EndProject
Project("{FAE04EC0-301F-11D3-BF4B-00C04F79EFBC}") = "Ruby.Console", "..\Languages\Ruby\Console\Ruby.Console.csproj", "{D6AB587D-A888-4B98-85AC-F15E36F53838}"
EndProject
Project("{FAE04EC0-301F-11D3-BF4B-00C04F79EFBC}") = "IronRuby.Tests", "..\Languages\Ruby\IronRuby.Tests\IronRuby.Tests.csproj", "{8103D91B-89D8-4A18-9A40-426992602EA2}"
EndProject
Project("{FAE04EC0-301F-11D3-BF4B-00C04F79EFBC}") = "RowanTest.Common", "..\Runtime\Tests\RowanTest.Common\RowanTest.Common.csproj", "{7B67CCAD-3C88-4A1E-8F5C-6AD784DFB52F}"
EndProject
Project("{FAE04EC0-301F-11D3-BF4B-00C04F79EFBC}") = "TestInternalDLR", "..\Runtime\Tests\TestInternalDLR\TestInternalDLR.csproj", "{75B776E7-2246-4E02-98A9-A99D3DA4DB54}"
EndProject
Project("{FAE04EC0-301F-11D3-BF4B-00C04F79EFBC}") = "ClassInitGenerator", "..\Languages\Ruby\ClassInitGenerator\ClassInitGenerator.csproj", "{166940A1-2C91-4BD0-B72B-A517FBD8BF0B}"
EndProject
Project("{FAE04EC0-301F-11D3-BF4B-00C04F79EFBC}") = "IronRuby.Libraries", "..\Languages\Ruby\Libraries\IronRuby.Libraries.csproj", "{77323B06-15A2-4CF4-8A7A-86EAA2B66498}"
EndProject
Project("{FAE04EC0-301F-11D3-BF4B-00C04F79EFBC}") = "ClrAssembly", "..\Test\ClrAssembly\ClrAssembly.csproj", "{BEE737B9-18D5-48D9-8672-9A896213C98B}"
	ProjectSection(ProjectDependencies) = postProject
		{2AE75F5A-CD1F-4925-9647-AF4D1C282FB4} = {2AE75F5A-CD1F-4925-9647-AF4D1C282FB4}
		{EB66B766-6354-4208-A3D4-AACBDCB5C3B3} = {EB66B766-6354-4208-A3D4-AACBDCB5C3B3}
	EndProjectSection
EndProject
Project("{FAE04EC0-301F-11D3-BF4B-00C04F79EFBC}") = "Chiron", "..\Hosts\SilverLight\Chiron\Chiron.csproj", "{7D07B0CE-FFA3-4402-BFF2-5F42B4267D2A}"
	ProjectSection(ProjectDependencies) = postProject
		{77323B06-15A2-4CF4-8A7A-86EAA2B66498} = {77323B06-15A2-4CF4-8A7A-86EAA2B66498}
		{02FF0909-F5AD-48CF-A86A-345E721B7E40} = {02FF0909-F5AD-48CF-A86A-345E721B7E40}
		{155CE436-1669-4A48-8095-410F2430237F} = {155CE436-1669-4A48-8095-410F2430237F}
		{2AE75F5A-CD1F-4925-9647-AF4D1C282FB4} = {2AE75F5A-CD1F-4925-9647-AF4D1C282FB4}
		{EB66B766-6354-4208-A3D4-AACBDCB5C3B3} = {EB66B766-6354-4208-A3D4-AACBDCB5C3B3}
		{C86A7A7B-3086-4136-9B56-17E8DCB38C8D} = {C86A7A7B-3086-4136-9B56-17E8DCB38C8D}
		{95289EA9-5778-489D-AB48-F81F2CE2DA32} = {95289EA9-5778-489D-AB48-F81F2CE2DA32}
		{7F6984B4-EE6D-4E6F-ABB1-E210D7DC4FDD} = {7F6984B4-EE6D-4E6F-ABB1-E210D7DC4FDD}
	EndProjectSection
EndProject
Project("{FAE04EC0-301F-11D3-BF4B-00C04F79EFBC}") = "Microsoft.Dynamic", "..\Runtime\Microsoft.Dynamic\Microsoft.Dynamic.csproj", "{EB66B766-6354-4208-A3D4-AACBDCB5C3B3}"
EndProject
Project("{FAE04EC0-301F-11D3-BF4B-00C04F79EFBC}") = "HostingTest", "..\Runtime\Tests\HostingTest\HostingTest.csproj", "{21AAE56C-75B5-4823-8D97-54BA5C387FFB}"
EndProject
Project("{FAE04EC0-301F-11D3-BF4B-00C04F79EFBC}") = "IronPythonConsoleAny", "..\Languages\IronPython\IronPythonConsoleAny\IronPythonConsoleAny.csproj", "{F1D861C5-D9D5-4CDA-968B-8275F5D9F6D2}"
EndProject
Project("{FAE04EC0-301F-11D3-BF4B-00C04F79EFBC}") = "IronPythonWindowAny", "..\Languages\IronPython\IronPythonWindowAny\IronPythonWindowAny.csproj", "{7F6F9AB3-9943-4316-BD4C-A10F580BC75C}"
EndProject
Project("{FAE04EC0-301F-11D3-BF4B-00C04F79EFBC}") = "Ruby.ConsoleAny", "..\Languages\Ruby\Console\Ruby.ConsoleAny.csproj", "{6EE7A428-D803-41BC-8248-1297C3ACE369}"
EndProject
Project("{FAE04EC0-301F-11D3-BF4B-00C04F79EFBC}") = "Microsoft.Scripting", "..\Runtime\Microsoft.Scripting\Microsoft.Scripting.csproj", "{02FF0909-F5AD-48CF-A86A-345E721B7E40}"
EndProject
Project("{2150E333-8FDC-42A3-9474-1A3956D46DE8}") = "IronRuby.Rack", "IronRuby.Rack", "{C6A8A33C-572E-4C2E-BB8C-20F0EF5864C2}"
EndProject
Project("{FAE04EC0-301F-11D3-BF4B-00C04F79EFBC}") = "IronRuby.Rack", "..\Hosts\IronRuby.Rack\Src\IronRuby.Rack.csproj", "{25A6FCEF-1DB4-4ECF-98B4-7975E5AF9CC6}"
EndProject
Project("{FAE04EC0-301F-11D3-BF4B-00C04F79EFBC}") = "Cassini", "..\Hosts\IronRuby.Rack\Src\Cassini\Cassini.csproj", "{0D9F0FEA-45F7-4CE4-9868-6FB9BBE3DD4C}"
EndProject
Project("{FAE04EC0-301F-11D3-BF4B-00C04F79EFBC}") = "Microsoft.Scripting.Metadata", "..\Runtime\Microsoft.Scripting.Metadata\Microsoft.Scripting.Metadata.csproj", "{ACDD9B9E-8FE6-439C-9521-1CCBA47F6143}"
EndProject
Project("{FAE04EC0-301F-11D3-BF4B-00C04F79EFBC}") = "Metadata", "..\Runtime\Tests\Metadata\Metadata.csproj", "{848BBEB0-63E6-4736-B60C-23A9D733593D}"
EndProject
Project("{FAE04EC0-301F-11D3-BF4B-00C04F79EFBC}") = "IronPython.Wpf", "..\Languages\IronPython\IronPython.Wpf\IronPython.Wpf.csproj", "{65E997B7-E99B-4C83-B29E-9951429BB293}"
EndProject
Project("{FAE04EC0-301F-11D3-BF4B-00C04F79EFBC}") = "Ruby.WinConsole", "..\Languages\Ruby\WinConsole\Ruby.WinConsole.csproj", "{B17FEFC8-EA7C-4CFA-B46E-B9003CE1F329}"
EndProject
Project("{FAE04EC0-301F-11D3-BF4B-00C04F79EFBC}") = "Ruby.WinConsoleAny", "..\Languages\Ruby\WinConsole\Ruby.WinConsoleAny.csproj", "{F231EB3F-75E7-499F-B1F2-C26E56601E1B}"
EndProject
Project("{FAE04EC0-301F-11D3-BF4B-00C04F79EFBC}") = "IronRuby.Libraries.Yaml", "..\Languages\Ruby\Libraries.Yaml\IronRuby.Libraries.Yaml.csproj", "{AA18A245-E342-4368-A474-83178311A742}"
EndProject
Project("{2150E333-8FDC-42A3-9474-1A3956D46DE8}") = "Samples", "Samples", "{743F9345-7C9B-4795-824C-AF4756DD27FC}"
EndProject
Project("{FAE04EC0-301F-11D3-BF4B-00C04F79EFBC}") = "sympl", "..\Runtime\Samples\sympl\csharp\sympl.csproj", "{43A7EE65-3156-4AE1-9734-19D9A758B163}"
EndProject
Project("{FAE04EC0-301F-11D3-BF4B-00C04F79EFBC}") = "Hosting Scenarios", "..\Runtime\Samples\Hosting\Scenarios\Hosting Scenarios.csproj", "{801BAE60-3562-43E1-B33F-6A180D6029E1}"
EndProject
Global
	GlobalSection(SolutionConfigurationPlatforms) = preSolution
		Debug|Any CPU = Debug|Any CPU
		FxCop|Any CPU = FxCop|Any CPU
		Release|Any CPU = Release|Any CPU
		Silverlight3Debug|Any CPU = Silverlight3Debug|Any CPU
		Silverlight3Release|Any CPU = Silverlight3Release|Any CPU
		Silverlight4Debug|Any CPU = Silverlight4Debug|Any CPU
		Silverlight4Release|Any CPU = Silverlight4Release|Any CPU
		v2Debug|Any CPU = v2Debug|Any CPU
		v2Release|Any CPU = v2Release|Any CPU
	EndGlobalSection
	GlobalSection(ProjectConfigurationPlatforms) = postSolution
		{95289EA9-5778-489D-AB48-F81F2CE2DA32}.Debug|Any CPU.ActiveCfg = Debug|Any CPU
		{95289EA9-5778-489D-AB48-F81F2CE2DA32}.Debug|Any CPU.Build.0 = Debug|Any CPU
		{95289EA9-5778-489D-AB48-F81F2CE2DA32}.FxCop|Any CPU.ActiveCfg = FxCop|Any CPU
		{95289EA9-5778-489D-AB48-F81F2CE2DA32}.FxCop|Any CPU.Build.0 = FxCop|Any CPU
		{95289EA9-5778-489D-AB48-F81F2CE2DA32}.Release|Any CPU.ActiveCfg = Release|Any CPU
		{95289EA9-5778-489D-AB48-F81F2CE2DA32}.Release|Any CPU.Build.0 = Release|Any CPU
		{95289EA9-5778-489D-AB48-F81F2CE2DA32}.Silverlight3Debug|Any CPU.ActiveCfg = Silverlight3Debug|Any CPU
		{95289EA9-5778-489D-AB48-F81F2CE2DA32}.Silverlight3Debug|Any CPU.Build.0 = Silverlight3Debug|Any CPU
		{95289EA9-5778-489D-AB48-F81F2CE2DA32}.Silverlight3Release|Any CPU.ActiveCfg = Silverlight3Release|Any CPU
		{95289EA9-5778-489D-AB48-F81F2CE2DA32}.Silverlight3Release|Any CPU.Build.0 = Silverlight3Release|Any CPU
		{95289EA9-5778-489D-AB48-F81F2CE2DA32}.Silverlight4Debug|Any CPU.ActiveCfg = Silverlight4Debug|Any CPU
		{95289EA9-5778-489D-AB48-F81F2CE2DA32}.Silverlight4Debug|Any CPU.Build.0 = Silverlight4Debug|Any CPU
		{95289EA9-5778-489D-AB48-F81F2CE2DA32}.Silverlight4Release|Any CPU.ActiveCfg = Silverlight4Release|Any CPU
		{95289EA9-5778-489D-AB48-F81F2CE2DA32}.Silverlight4Release|Any CPU.Build.0 = Silverlight4Release|Any CPU
		{95289EA9-5778-489D-AB48-F81F2CE2DA32}.v2Debug|Any CPU.ActiveCfg = v2Debug|Any CPU
		{95289EA9-5778-489D-AB48-F81F2CE2DA32}.v2Debug|Any CPU.Build.0 = v2Debug|Any CPU
		{95289EA9-5778-489D-AB48-F81F2CE2DA32}.v2Release|Any CPU.ActiveCfg = v2Release|Any CPU
		{95289EA9-5778-489D-AB48-F81F2CE2DA32}.v2Release|Any CPU.Build.0 = v2Release|Any CPU
		{155CE436-1669-4A48-8095-410F2430237F}.Debug|Any CPU.ActiveCfg = Debug|Any CPU
		{155CE436-1669-4A48-8095-410F2430237F}.Debug|Any CPU.Build.0 = Debug|Any CPU
		{155CE436-1669-4A48-8095-410F2430237F}.FxCop|Any CPU.ActiveCfg = FxCop|Any CPU
		{155CE436-1669-4A48-8095-410F2430237F}.FxCop|Any CPU.Build.0 = FxCop|Any CPU
		{155CE436-1669-4A48-8095-410F2430237F}.Release|Any CPU.ActiveCfg = Release|Any CPU
		{155CE436-1669-4A48-8095-410F2430237F}.Release|Any CPU.Build.0 = Release|Any CPU
		{155CE436-1669-4A48-8095-410F2430237F}.Silverlight3Debug|Any CPU.ActiveCfg = Silverlight3Debug|Any CPU
		{155CE436-1669-4A48-8095-410F2430237F}.Silverlight3Debug|Any CPU.Build.0 = Silverlight3Debug|Any CPU
		{155CE436-1669-4A48-8095-410F2430237F}.Silverlight3Release|Any CPU.ActiveCfg = Silverlight3Release|Any CPU
		{155CE436-1669-4A48-8095-410F2430237F}.Silverlight3Release|Any CPU.Build.0 = Silverlight3Release|Any CPU
		{155CE436-1669-4A48-8095-410F2430237F}.Silverlight4Debug|Any CPU.ActiveCfg = Silverlight4Debug|Any CPU
		{155CE436-1669-4A48-8095-410F2430237F}.Silverlight4Debug|Any CPU.Build.0 = Silverlight4Debug|Any CPU
		{155CE436-1669-4A48-8095-410F2430237F}.Silverlight4Release|Any CPU.ActiveCfg = Silverlight4Release|Any CPU
		{155CE436-1669-4A48-8095-410F2430237F}.Silverlight4Release|Any CPU.Build.0 = Silverlight4Release|Any CPU
		{155CE436-1669-4A48-8095-410F2430237F}.v2Debug|Any CPU.ActiveCfg = v2Debug|Any CPU
		{155CE436-1669-4A48-8095-410F2430237F}.v2Debug|Any CPU.Build.0 = v2Debug|Any CPU
		{155CE436-1669-4A48-8095-410F2430237F}.v2Release|Any CPU.ActiveCfg = v2Release|Any CPU
		{155CE436-1669-4A48-8095-410F2430237F}.v2Release|Any CPU.Build.0 = v2Release|Any CPU
		{811AC32C-11F3-4ED8-92A7-A7E39C2BB704}.Debug|Any CPU.ActiveCfg = Debug|Any CPU
		{811AC32C-11F3-4ED8-92A7-A7E39C2BB704}.Debug|Any CPU.Build.0 = Debug|Any CPU
		{811AC32C-11F3-4ED8-92A7-A7E39C2BB704}.FxCop|Any CPU.ActiveCfg = FxCop|Any CPU
		{811AC32C-11F3-4ED8-92A7-A7E39C2BB704}.FxCop|Any CPU.Build.0 = FxCop|Any CPU
		{811AC32C-11F3-4ED8-92A7-A7E39C2BB704}.Release|Any CPU.ActiveCfg = Release|Any CPU
		{811AC32C-11F3-4ED8-92A7-A7E39C2BB704}.Release|Any CPU.Build.0 = Release|Any CPU
		{811AC32C-11F3-4ED8-92A7-A7E39C2BB704}.Silverlight3Debug|Any CPU.ActiveCfg = v2Debug|Any CPU
		{811AC32C-11F3-4ED8-92A7-A7E39C2BB704}.Silverlight3Release|Any CPU.ActiveCfg = v2Release|Any CPU
		{811AC32C-11F3-4ED8-92A7-A7E39C2BB704}.Silverlight4Debug|Any CPU.ActiveCfg = v2Debug|Any CPU
		{811AC32C-11F3-4ED8-92A7-A7E39C2BB704}.Silverlight4Release|Any CPU.ActiveCfg = v2Debug|Any CPU
		{811AC32C-11F3-4ED8-92A7-A7E39C2BB704}.v2Debug|Any CPU.ActiveCfg = v2Debug|Any CPU
		{811AC32C-11F3-4ED8-92A7-A7E39C2BB704}.v2Debug|Any CPU.Build.0 = v2Debug|Any CPU
		{811AC32C-11F3-4ED8-92A7-A7E39C2BB704}.v2Release|Any CPU.ActiveCfg = v2Release|Any CPU
		{811AC32C-11F3-4ED8-92A7-A7E39C2BB704}.v2Release|Any CPU.Build.0 = v2Release|Any CPU
		{B6B42537-07F8-4F6C-A99A-B155CAEB124E}.Debug|Any CPU.ActiveCfg = Debug|Any CPU
		{B6B42537-07F8-4F6C-A99A-B155CAEB124E}.Debug|Any CPU.Build.0 = Debug|Any CPU
		{B6B42537-07F8-4F6C-A99A-B155CAEB124E}.FxCop|Any CPU.ActiveCfg = v2Release|Any CPU
		{B6B42537-07F8-4F6C-A99A-B155CAEB124E}.Release|Any CPU.ActiveCfg = Release|Any CPU
		{B6B42537-07F8-4F6C-A99A-B155CAEB124E}.Release|Any CPU.Build.0 = Release|Any CPU
		{B6B42537-07F8-4F6C-A99A-B155CAEB124E}.Silverlight3Debug|Any CPU.ActiveCfg = Silverlight3Debug|Any CPU
		{B6B42537-07F8-4F6C-A99A-B155CAEB124E}.Silverlight3Debug|Any CPU.Build.0 = Silverlight3Debug|Any CPU
		{B6B42537-07F8-4F6C-A99A-B155CAEB124E}.Silverlight3Release|Any CPU.ActiveCfg = Silverlight3Release|Any CPU
		{B6B42537-07F8-4F6C-A99A-B155CAEB124E}.Silverlight3Release|Any CPU.Build.0 = Silverlight3Release|Any CPU
		{B6B42537-07F8-4F6C-A99A-B155CAEB124E}.Silverlight4Debug|Any CPU.ActiveCfg = v2Debug|Any CPU
		{B6B42537-07F8-4F6C-A99A-B155CAEB124E}.Silverlight4Release|Any CPU.ActiveCfg = v2Debug|Any CPU
		{B6B42537-07F8-4F6C-A99A-B155CAEB124E}.v2Debug|Any CPU.ActiveCfg = v2Debug|Any CPU
		{B6B42537-07F8-4F6C-A99A-B155CAEB124E}.v2Debug|Any CPU.Build.0 = v2Debug|Any CPU
		{B6B42537-07F8-4F6C-A99A-B155CAEB124E}.v2Release|Any CPU.ActiveCfg = v2Release|Any CPU
		{B6B42537-07F8-4F6C-A99A-B155CAEB124E}.v2Release|Any CPU.Build.0 = v2Release|Any CPU
		{81DA19C7-4FEC-47E7-981B-D9310D549F95}.Debug|Any CPU.ActiveCfg = Debug|Any CPU
		{81DA19C7-4FEC-47E7-981B-D9310D549F95}.Debug|Any CPU.Build.0 = Debug|Any CPU
		{81DA19C7-4FEC-47E7-981B-D9310D549F95}.FxCop|Any CPU.ActiveCfg = FxCop|Any CPU
		{81DA19C7-4FEC-47E7-981B-D9310D549F95}.FxCop|Any CPU.Build.0 = FxCop|Any CPU
		{81DA19C7-4FEC-47E7-981B-D9310D549F95}.Release|Any CPU.ActiveCfg = Release|Any CPU
		{81DA19C7-4FEC-47E7-981B-D9310D549F95}.Release|Any CPU.Build.0 = Release|Any CPU
		{81DA19C7-4FEC-47E7-981B-D9310D549F95}.Silverlight3Debug|Any CPU.ActiveCfg = v2Debug|Any CPU
		{81DA19C7-4FEC-47E7-981B-D9310D549F95}.Silverlight3Release|Any CPU.ActiveCfg = v2Release|Any CPU
		{81DA19C7-4FEC-47E7-981B-D9310D549F95}.Silverlight4Debug|Any CPU.ActiveCfg = v2Debug|Any CPU
		{81DA19C7-4FEC-47E7-981B-D9310D549F95}.Silverlight4Release|Any CPU.ActiveCfg = v2Debug|Any CPU
		{81DA19C7-4FEC-47E7-981B-D9310D549F95}.v2Debug|Any CPU.ActiveCfg = v2Debug|Any CPU
		{81DA19C7-4FEC-47E7-981B-D9310D549F95}.v2Debug|Any CPU.Build.0 = v2Debug|Any CPU
		{81DA19C7-4FEC-47E7-981B-D9310D549F95}.v2Release|Any CPU.ActiveCfg = v2Release|Any CPU
		{81DA19C7-4FEC-47E7-981B-D9310D549F95}.v2Release|Any CPU.Build.0 = v2Release|Any CPU
		{2AE75F5A-CD1F-4925-9647-AF4D1C282FB4}.Debug|Any CPU.ActiveCfg = v2Debug|Any CPU
		{2AE75F5A-CD1F-4925-9647-AF4D1C282FB4}.FxCop|Any CPU.ActiveCfg = FxCop|Any CPU
		{2AE75F5A-CD1F-4925-9647-AF4D1C282FB4}.FxCop|Any CPU.Build.0 = FxCop|Any CPU
		{2AE75F5A-CD1F-4925-9647-AF4D1C282FB4}.Release|Any CPU.ActiveCfg = v2Release|Any CPU
		{2AE75F5A-CD1F-4925-9647-AF4D1C282FB4}.Silverlight3Debug|Any CPU.ActiveCfg = Silverlight3Debug|Any CPU
		{2AE75F5A-CD1F-4925-9647-AF4D1C282FB4}.Silverlight3Debug|Any CPU.Build.0 = Silverlight3Debug|Any CPU
		{2AE75F5A-CD1F-4925-9647-AF4D1C282FB4}.Silverlight3Release|Any CPU.ActiveCfg = Silverlight3Release|Any CPU
		{2AE75F5A-CD1F-4925-9647-AF4D1C282FB4}.Silverlight3Release|Any CPU.Build.0 = Silverlight3Release|Any CPU
		{2AE75F5A-CD1F-4925-9647-AF4D1C282FB4}.Silverlight4Debug|Any CPU.ActiveCfg = v2Debug|Any CPU
		{2AE75F5A-CD1F-4925-9647-AF4D1C282FB4}.Silverlight4Release|Any CPU.ActiveCfg = v2Debug|Any CPU
		{2AE75F5A-CD1F-4925-9647-AF4D1C282FB4}.v2Debug|Any CPU.ActiveCfg = v2Debug|Any CPU
		{2AE75F5A-CD1F-4925-9647-AF4D1C282FB4}.v2Debug|Any CPU.Build.0 = v2Debug|Any CPU
		{2AE75F5A-CD1F-4925-9647-AF4D1C282FB4}.v2Release|Any CPU.ActiveCfg = v2Release|Any CPU
		{2AE75F5A-CD1F-4925-9647-AF4D1C282FB4}.v2Release|Any CPU.Build.0 = v2Release|Any CPU
		{3272E46C-F4D9-418D-9EE9-081A1B658EE4}.Debug|Any CPU.ActiveCfg = Debug|Any CPU
		{3272E46C-F4D9-418D-9EE9-081A1B658EE4}.Debug|Any CPU.Build.0 = Debug|Any CPU
		{3272E46C-F4D9-418D-9EE9-081A1B658EE4}.FxCop|Any CPU.ActiveCfg = Release|Any CPU
		{3272E46C-F4D9-418D-9EE9-081A1B658EE4}.Release|Any CPU.ActiveCfg = Release|Any CPU
		{3272E46C-F4D9-418D-9EE9-081A1B658EE4}.Release|Any CPU.Build.0 = Release|Any CPU
		{3272E46C-F4D9-418D-9EE9-081A1B658EE4}.Silverlight3Debug|Any CPU.ActiveCfg = v2Debug|Any CPU
		{3272E46C-F4D9-418D-9EE9-081A1B658EE4}.Silverlight3Release|Any CPU.ActiveCfg = v2Release|Any CPU
		{3272E46C-F4D9-418D-9EE9-081A1B658EE4}.Silverlight4Debug|Any CPU.ActiveCfg = v2Debug|Any CPU
		{3272E46C-F4D9-418D-9EE9-081A1B658EE4}.Silverlight4Release|Any CPU.ActiveCfg = v2Debug|Any CPU
		{3272E46C-F4D9-418D-9EE9-081A1B658EE4}.v2Debug|Any CPU.ActiveCfg = v2Debug|Any CPU
		{3272E46C-F4D9-418D-9EE9-081A1B658EE4}.v2Release|Any CPU.ActiveCfg = v2Release|Any CPU
		{C86A7A7B-3086-4136-9B56-17E8DCB38C8D}.Debug|Any CPU.ActiveCfg = Silverlight4Debug|Any CPU
		{C86A7A7B-3086-4136-9B56-17E8DCB38C8D}.FxCop|Any CPU.ActiveCfg = Silverlight3Release|Any CPU
		{C86A7A7B-3086-4136-9B56-17E8DCB38C8D}.Release|Any CPU.ActiveCfg = Silverlight4Release|Any CPU
		{C86A7A7B-3086-4136-9B56-17E8DCB38C8D}.Silverlight3Debug|Any CPU.ActiveCfg = Silverlight3Debug|Any CPU
		{C86A7A7B-3086-4136-9B56-17E8DCB38C8D}.Silverlight3Debug|Any CPU.Build.0 = Silverlight3Debug|Any CPU
		{C86A7A7B-3086-4136-9B56-17E8DCB38C8D}.Silverlight3Release|Any CPU.ActiveCfg = Silverlight3Release|Any CPU
		{C86A7A7B-3086-4136-9B56-17E8DCB38C8D}.Silverlight3Release|Any CPU.Build.0 = Silverlight3Release|Any CPU
		{C86A7A7B-3086-4136-9B56-17E8DCB38C8D}.Silverlight4Debug|Any CPU.ActiveCfg = Silverlight4Debug|Any CPU
		{C86A7A7B-3086-4136-9B56-17E8DCB38C8D}.Silverlight4Debug|Any CPU.Build.0 = Silverlight4Debug|Any CPU
		{C86A7A7B-3086-4136-9B56-17E8DCB38C8D}.Silverlight4Release|Any CPU.ActiveCfg = Silverlight4Release|Any CPU
		{C86A7A7B-3086-4136-9B56-17E8DCB38C8D}.Silverlight4Release|Any CPU.Build.0 = Silverlight4Release|Any CPU
		{C86A7A7B-3086-4136-9B56-17E8DCB38C8D}.v2Debug|Any CPU.ActiveCfg = Silverlight3Release|Any CPU
		{C86A7A7B-3086-4136-9B56-17E8DCB38C8D}.v2Release|Any CPU.ActiveCfg = Silverlight3Release|Any CPU
		{7F6984B4-EE6D-4E6F-ABB1-E210D7DC4FDD}.Debug|Any CPU.ActiveCfg = Debug|Any CPU
		{7F6984B4-EE6D-4E6F-ABB1-E210D7DC4FDD}.Debug|Any CPU.Build.0 = Debug|Any CPU
		{7F6984B4-EE6D-4E6F-ABB1-E210D7DC4FDD}.FxCop|Any CPU.ActiveCfg = FxCop|Any CPU
		{7F6984B4-EE6D-4E6F-ABB1-E210D7DC4FDD}.FxCop|Any CPU.Build.0 = FxCop|Any CPU
		{7F6984B4-EE6D-4E6F-ABB1-E210D7DC4FDD}.Release|Any CPU.ActiveCfg = Release|Any CPU
		{7F6984B4-EE6D-4E6F-ABB1-E210D7DC4FDD}.Release|Any CPU.Build.0 = Release|Any CPU
		{7F6984B4-EE6D-4E6F-ABB1-E210D7DC4FDD}.Silverlight3Debug|Any CPU.ActiveCfg = Silverlight3Debug|Any CPU
		{7F6984B4-EE6D-4E6F-ABB1-E210D7DC4FDD}.Silverlight3Debug|Any CPU.Build.0 = Silverlight3Debug|Any CPU
		{7F6984B4-EE6D-4E6F-ABB1-E210D7DC4FDD}.Silverlight3Release|Any CPU.ActiveCfg = Silverlight3Release|Any CPU
		{7F6984B4-EE6D-4E6F-ABB1-E210D7DC4FDD}.Silverlight3Release|Any CPU.Build.0 = Silverlight3Release|Any CPU
		{7F6984B4-EE6D-4E6F-ABB1-E210D7DC4FDD}.Silverlight4Debug|Any CPU.ActiveCfg = Silverlight4Debug|Any CPU
		{7F6984B4-EE6D-4E6F-ABB1-E210D7DC4FDD}.Silverlight4Debug|Any CPU.Build.0 = Silverlight4Debug|Any CPU
		{7F6984B4-EE6D-4E6F-ABB1-E210D7DC4FDD}.Silverlight4Release|Any CPU.ActiveCfg = Silverlight4Release|Any CPU
		{7F6984B4-EE6D-4E6F-ABB1-E210D7DC4FDD}.Silverlight4Release|Any CPU.Build.0 = Silverlight4Release|Any CPU
		{7F6984B4-EE6D-4E6F-ABB1-E210D7DC4FDD}.v2Debug|Any CPU.ActiveCfg = v2Debug|Any CPU
		{7F6984B4-EE6D-4E6F-ABB1-E210D7DC4FDD}.v2Debug|Any CPU.Build.0 = v2Debug|Any CPU
		{7F6984B4-EE6D-4E6F-ABB1-E210D7DC4FDD}.v2Release|Any CPU.ActiveCfg = v2Release|Any CPU
		{7F6984B4-EE6D-4E6F-ABB1-E210D7DC4FDD}.v2Release|Any CPU.Build.0 = v2Release|Any CPU
		{D6AB587D-A888-4B98-85AC-F15E36F53838}.Debug|Any CPU.ActiveCfg = Debug|Any CPU
		{D6AB587D-A888-4B98-85AC-F15E36F53838}.Debug|Any CPU.Build.0 = Debug|Any CPU
		{D6AB587D-A888-4B98-85AC-F15E36F53838}.FxCop|Any CPU.ActiveCfg = FxCop|Any CPU
		{D6AB587D-A888-4B98-85AC-F15E36F53838}.FxCop|Any CPU.Build.0 = FxCop|Any CPU
		{D6AB587D-A888-4B98-85AC-F15E36F53838}.Release|Any CPU.ActiveCfg = Release|Any CPU
		{D6AB587D-A888-4B98-85AC-F15E36F53838}.Release|Any CPU.Build.0 = Release|Any CPU
		{D6AB587D-A888-4B98-85AC-F15E36F53838}.Silverlight3Debug|Any CPU.ActiveCfg = v2Debug|Any CPU
		{D6AB587D-A888-4B98-85AC-F15E36F53838}.Silverlight3Release|Any CPU.ActiveCfg = v2Release|Any CPU
		{D6AB587D-A888-4B98-85AC-F15E36F53838}.Silverlight4Debug|Any CPU.ActiveCfg = v2Debug|Any CPU
		{D6AB587D-A888-4B98-85AC-F15E36F53838}.Silverlight4Release|Any CPU.ActiveCfg = v2Debug|Any CPU
		{D6AB587D-A888-4B98-85AC-F15E36F53838}.v2Debug|Any CPU.ActiveCfg = v2Debug|Any CPU
		{D6AB587D-A888-4B98-85AC-F15E36F53838}.v2Debug|Any CPU.Build.0 = v2Debug|Any CPU
		{D6AB587D-A888-4B98-85AC-F15E36F53838}.v2Release|Any CPU.ActiveCfg = v2Release|Any CPU
		{D6AB587D-A888-4B98-85AC-F15E36F53838}.v2Release|Any CPU.Build.0 = v2Release|Any CPU
		{8103D91B-89D8-4A18-9A40-426992602EA2}.Debug|Any CPU.ActiveCfg = Debug|Any CPU
		{8103D91B-89D8-4A18-9A40-426992602EA2}.Debug|Any CPU.Build.0 = Debug|Any CPU
		{8103D91B-89D8-4A18-9A40-426992602EA2}.FxCop|Any CPU.ActiveCfg = Release|Any CPU
		{8103D91B-89D8-4A18-9A40-426992602EA2}.Release|Any CPU.ActiveCfg = Release|Any CPU
		{8103D91B-89D8-4A18-9A40-426992602EA2}.Release|Any CPU.Build.0 = Release|Any CPU
		{8103D91B-89D8-4A18-9A40-426992602EA2}.Silverlight3Debug|Any CPU.ActiveCfg = v2Debug|Any CPU
		{8103D91B-89D8-4A18-9A40-426992602EA2}.Silverlight3Release|Any CPU.ActiveCfg = v2Release|Any CPU
		{8103D91B-89D8-4A18-9A40-426992602EA2}.Silverlight4Debug|Any CPU.ActiveCfg = v2Debug|Any CPU
		{8103D91B-89D8-4A18-9A40-426992602EA2}.Silverlight4Release|Any CPU.ActiveCfg = v2Debug|Any CPU
		{8103D91B-89D8-4A18-9A40-426992602EA2}.v2Debug|Any CPU.ActiveCfg = v2Debug|Any CPU
		{8103D91B-89D8-4A18-9A40-426992602EA2}.v2Debug|Any CPU.Build.0 = v2Debug|Any CPU
		{8103D91B-89D8-4A18-9A40-426992602EA2}.v2Release|Any CPU.ActiveCfg = v2Release|Any CPU
		{8103D91B-89D8-4A18-9A40-426992602EA2}.v2Release|Any CPU.Build.0 = v2Release|Any CPU
		{7B67CCAD-3C88-4A1E-8F5C-6AD784DFB52F}.Debug|Any CPU.ActiveCfg = Debug|Any CPU
		{7B67CCAD-3C88-4A1E-8F5C-6AD784DFB52F}.Debug|Any CPU.Build.0 = Debug|Any CPU
		{7B67CCAD-3C88-4A1E-8F5C-6AD784DFB52F}.FxCop|Any CPU.ActiveCfg = Silverlight3Release|Any CPU
		{7B67CCAD-3C88-4A1E-8F5C-6AD784DFB52F}.Release|Any CPU.ActiveCfg = Release|Any CPU
		{7B67CCAD-3C88-4A1E-8F5C-6AD784DFB52F}.Release|Any CPU.Build.0 = Release|Any CPU
		{7B67CCAD-3C88-4A1E-8F5C-6AD784DFB52F}.Silverlight3Debug|Any CPU.ActiveCfg = Silverlight3Debug|Any CPU
		{7B67CCAD-3C88-4A1E-8F5C-6AD784DFB52F}.Silverlight3Release|Any CPU.ActiveCfg = Silverlight3Release|Any CPU
		{7B67CCAD-3C88-4A1E-8F5C-6AD784DFB52F}.Silverlight4Debug|Any CPU.ActiveCfg = v2Debug|Any CPU
		{7B67CCAD-3C88-4A1E-8F5C-6AD784DFB52F}.Silverlight4Release|Any CPU.ActiveCfg = v2Debug|Any CPU
		{7B67CCAD-3C88-4A1E-8F5C-6AD784DFB52F}.v2Debug|Any CPU.ActiveCfg = v2Debug|Any CPU
		{7B67CCAD-3C88-4A1E-8F5C-6AD784DFB52F}.v2Release|Any CPU.ActiveCfg = v2Release|Any CPU
		{75B776E7-2246-4E02-98A9-A99D3DA4DB54}.Debug|Any CPU.ActiveCfg = Debug|Any CPU
		{75B776E7-2246-4E02-98A9-A99D3DA4DB54}.Debug|Any CPU.Build.0 = Debug|Any CPU
		{75B776E7-2246-4E02-98A9-A99D3DA4DB54}.FxCop|Any CPU.ActiveCfg = v2Release|Any CPU
		{75B776E7-2246-4E02-98A9-A99D3DA4DB54}.Release|Any CPU.ActiveCfg = Release|Any CPU
		{75B776E7-2246-4E02-98A9-A99D3DA4DB54}.Release|Any CPU.Build.0 = Release|Any CPU
		{75B776E7-2246-4E02-98A9-A99D3DA4DB54}.Silverlight3Debug|Any CPU.ActiveCfg = Silverlight3Debug|Any CPU
		{75B776E7-2246-4E02-98A9-A99D3DA4DB54}.Silverlight3Release|Any CPU.ActiveCfg = Silverlight3Release|Any CPU
		{75B776E7-2246-4E02-98A9-A99D3DA4DB54}.Silverlight4Debug|Any CPU.ActiveCfg = v2Debug|Any CPU
		{75B776E7-2246-4E02-98A9-A99D3DA4DB54}.Silverlight4Release|Any CPU.ActiveCfg = v2Debug|Any CPU
		{75B776E7-2246-4E02-98A9-A99D3DA4DB54}.v2Debug|Any CPU.ActiveCfg = v2Debug|Any CPU
		{75B776E7-2246-4E02-98A9-A99D3DA4DB54}.v2Release|Any CPU.ActiveCfg = v2Release|Any CPU
		{166940A1-2C91-4BD0-B72B-A517FBD8BF0B}.Debug|Any CPU.ActiveCfg = Debug|Any CPU
		{166940A1-2C91-4BD0-B72B-A517FBD8BF0B}.Debug|Any CPU.Build.0 = Debug|Any CPU
		{166940A1-2C91-4BD0-B72B-A517FBD8BF0B}.FxCop|Any CPU.ActiveCfg = v2Release|Any CPU
		{166940A1-2C91-4BD0-B72B-A517FBD8BF0B}.Release|Any CPU.ActiveCfg = Release|Any CPU
		{166940A1-2C91-4BD0-B72B-A517FBD8BF0B}.Release|Any CPU.Build.0 = Release|Any CPU
		{166940A1-2C91-4BD0-B72B-A517FBD8BF0B}.Silverlight3Debug|Any CPU.ActiveCfg = v2Debug|Any CPU
		{166940A1-2C91-4BD0-B72B-A517FBD8BF0B}.Silverlight3Release|Any CPU.ActiveCfg = v2Release|Any CPU
		{166940A1-2C91-4BD0-B72B-A517FBD8BF0B}.Silverlight4Debug|Any CPU.ActiveCfg = v2Debug|Any CPU
		{166940A1-2C91-4BD0-B72B-A517FBD8BF0B}.Silverlight4Release|Any CPU.ActiveCfg = v2Debug|Any CPU
		{166940A1-2C91-4BD0-B72B-A517FBD8BF0B}.v2Debug|Any CPU.ActiveCfg = v2Debug|Any CPU
		{166940A1-2C91-4BD0-B72B-A517FBD8BF0B}.v2Debug|Any CPU.Build.0 = v2Debug|Any CPU
		{166940A1-2C91-4BD0-B72B-A517FBD8BF0B}.v2Release|Any CPU.ActiveCfg = v2Release|Any CPU
		{166940A1-2C91-4BD0-B72B-A517FBD8BF0B}.v2Release|Any CPU.Build.0 = v2Release|Any CPU
		{77323B06-15A2-4CF4-8A7A-86EAA2B66498}.Debug|Any CPU.ActiveCfg = Debug|Any CPU
		{77323B06-15A2-4CF4-8A7A-86EAA2B66498}.Debug|Any CPU.Build.0 = Debug|Any CPU
		{77323B06-15A2-4CF4-8A7A-86EAA2B66498}.FxCop|Any CPU.ActiveCfg = FxCop|Any CPU
		{77323B06-15A2-4CF4-8A7A-86EAA2B66498}.FxCop|Any CPU.Build.0 = FxCop|Any CPU
		{77323B06-15A2-4CF4-8A7A-86EAA2B66498}.Release|Any CPU.ActiveCfg = Release|Any CPU
		{77323B06-15A2-4CF4-8A7A-86EAA2B66498}.Release|Any CPU.Build.0 = Release|Any CPU
		{77323B06-15A2-4CF4-8A7A-86EAA2B66498}.Silverlight3Debug|Any CPU.ActiveCfg = Silverlight3Debug|Any CPU
		{77323B06-15A2-4CF4-8A7A-86EAA2B66498}.Silverlight3Debug|Any CPU.Build.0 = Silverlight3Debug|Any CPU
		{77323B06-15A2-4CF4-8A7A-86EAA2B66498}.Silverlight3Release|Any CPU.ActiveCfg = Silverlight3Release|Any CPU
		{77323B06-15A2-4CF4-8A7A-86EAA2B66498}.Silverlight3Release|Any CPU.Build.0 = Silverlight3Release|Any CPU
		{77323B06-15A2-4CF4-8A7A-86EAA2B66498}.Silverlight4Debug|Any CPU.ActiveCfg = Silverlight4Debug|Any CPU
		{77323B06-15A2-4CF4-8A7A-86EAA2B66498}.Silverlight4Debug|Any CPU.Build.0 = Silverlight4Debug|Any CPU
		{77323B06-15A2-4CF4-8A7A-86EAA2B66498}.Silverlight4Release|Any CPU.ActiveCfg = Silverlight4Release|Any CPU
		{77323B06-15A2-4CF4-8A7A-86EAA2B66498}.Silverlight4Release|Any CPU.Build.0 = Silverlight4Release|Any CPU
		{77323B06-15A2-4CF4-8A7A-86EAA2B66498}.v2Debug|Any CPU.ActiveCfg = v2Debug|Any CPU
		{77323B06-15A2-4CF4-8A7A-86EAA2B66498}.v2Debug|Any CPU.Build.0 = v2Debug|Any CPU
		{77323B06-15A2-4CF4-8A7A-86EAA2B66498}.v2Release|Any CPU.ActiveCfg = v2Release|Any CPU
		{77323B06-15A2-4CF4-8A7A-86EAA2B66498}.v2Release|Any CPU.Build.0 = v2Release|Any CPU
		{BEE737B9-18D5-48D9-8672-9A896213C98B}.Debug|Any CPU.ActiveCfg = Debug|Any CPU
		{BEE737B9-18D5-48D9-8672-9A896213C98B}.Debug|Any CPU.Build.0 = Debug|Any CPU
		{BEE737B9-18D5-48D9-8672-9A896213C98B}.FxCop|Any CPU.ActiveCfg = Silverlight3Release|Any CPU
		{BEE737B9-18D5-48D9-8672-9A896213C98B}.Release|Any CPU.ActiveCfg = Release|Any CPU
		{BEE737B9-18D5-48D9-8672-9A896213C98B}.Release|Any CPU.Build.0 = Release|Any CPU
		{BEE737B9-18D5-48D9-8672-9A896213C98B}.Silverlight3Debug|Any CPU.ActiveCfg = Silverlight3Debug|Any CPU
		{BEE737B9-18D5-48D9-8672-9A896213C98B}.Silverlight3Debug|Any CPU.Build.0 = Silverlight3Debug|Any CPU
		{BEE737B9-18D5-48D9-8672-9A896213C98B}.Silverlight3Release|Any CPU.ActiveCfg = Silverlight3Release|Any CPU
		{BEE737B9-18D5-48D9-8672-9A896213C98B}.Silverlight3Release|Any CPU.Build.0 = Silverlight3Release|Any CPU
		{BEE737B9-18D5-48D9-8672-9A896213C98B}.Silverlight4Debug|Any CPU.ActiveCfg = v2Debug|Any CPU
		{BEE737B9-18D5-48D9-8672-9A896213C98B}.Silverlight4Release|Any CPU.ActiveCfg = v2Debug|Any CPU
		{BEE737B9-18D5-48D9-8672-9A896213C98B}.v2Debug|Any CPU.ActiveCfg = v2Debug|Any CPU
		{BEE737B9-18D5-48D9-8672-9A896213C98B}.v2Release|Any CPU.ActiveCfg = v2Release|Any CPU
		{7D07B0CE-FFA3-4402-BFF2-5F42B4267D2A}.Debug|Any CPU.ActiveCfg = Silverlight4Debug|Any CPU
		{7D07B0CE-FFA3-4402-BFF2-5F42B4267D2A}.FxCop|Any CPU.ActiveCfg = Silverlight3Release|Any CPU
		{7D07B0CE-FFA3-4402-BFF2-5F42B4267D2A}.Release|Any CPU.ActiveCfg = Silverlight4Release|Any CPU
		{7D07B0CE-FFA3-4402-BFF2-5F42B4267D2A}.Silverlight3Debug|Any CPU.ActiveCfg = Silverlight3Debug|Any CPU
		{7D07B0CE-FFA3-4402-BFF2-5F42B4267D2A}.Silverlight3Debug|Any CPU.Build.0 = Silverlight3Debug|Any CPU
		{7D07B0CE-FFA3-4402-BFF2-5F42B4267D2A}.Silverlight3Release|Any CPU.ActiveCfg = Silverlight3Release|Any CPU
		{7D07B0CE-FFA3-4402-BFF2-5F42B4267D2A}.Silverlight3Release|Any CPU.Build.0 = Silverlight3Release|Any CPU
		{7D07B0CE-FFA3-4402-BFF2-5F42B4267D2A}.Silverlight4Debug|Any CPU.ActiveCfg = Silverlight4Debug|Any CPU
		{7D07B0CE-FFA3-4402-BFF2-5F42B4267D2A}.Silverlight4Debug|Any CPU.Build.0 = Silverlight4Debug|Any CPU
		{7D07B0CE-FFA3-4402-BFF2-5F42B4267D2A}.Silverlight4Release|Any CPU.ActiveCfg = Silverlight4Release|Any CPU
		{7D07B0CE-FFA3-4402-BFF2-5F42B4267D2A}.Silverlight4Release|Any CPU.Build.0 = Silverlight4Release|Any CPU
		{7D07B0CE-FFA3-4402-BFF2-5F42B4267D2A}.v2Debug|Any CPU.ActiveCfg = Silverlight3Release|Any CPU
		{7D07B0CE-FFA3-4402-BFF2-5F42B4267D2A}.v2Release|Any CPU.ActiveCfg = Silverlight3Release|Any CPU
		{EB66B766-6354-4208-A3D4-AACBDCB5C3B3}.Debug|Any CPU.ActiveCfg = Debug|Any CPU
		{EB66B766-6354-4208-A3D4-AACBDCB5C3B3}.Debug|Any CPU.Build.0 = Debug|Any CPU
		{EB66B766-6354-4208-A3D4-AACBDCB5C3B3}.FxCop|Any CPU.ActiveCfg = FxCop|Any CPU
		{EB66B766-6354-4208-A3D4-AACBDCB5C3B3}.FxCop|Any CPU.Build.0 = FxCop|Any CPU
		{EB66B766-6354-4208-A3D4-AACBDCB5C3B3}.Release|Any CPU.ActiveCfg = Release|Any CPU
		{EB66B766-6354-4208-A3D4-AACBDCB5C3B3}.Release|Any CPU.Build.0 = Release|Any CPU
		{EB66B766-6354-4208-A3D4-AACBDCB5C3B3}.Silverlight3Debug|Any CPU.ActiveCfg = Silverlight3Debug|Any CPU
		{EB66B766-6354-4208-A3D4-AACBDCB5C3B3}.Silverlight3Debug|Any CPU.Build.0 = Silverlight3Debug|Any CPU
		{EB66B766-6354-4208-A3D4-AACBDCB5C3B3}.Silverlight3Release|Any CPU.ActiveCfg = Silverlight3Release|Any CPU
		{EB66B766-6354-4208-A3D4-AACBDCB5C3B3}.Silverlight3Release|Any CPU.Build.0 = Silverlight3Release|Any CPU
		{EB66B766-6354-4208-A3D4-AACBDCB5C3B3}.Silverlight4Debug|Any CPU.ActiveCfg = Silverlight4Debug|Any CPU
		{EB66B766-6354-4208-A3D4-AACBDCB5C3B3}.Silverlight4Debug|Any CPU.Build.0 = Silverlight4Debug|Any CPU
		{EB66B766-6354-4208-A3D4-AACBDCB5C3B3}.Silverlight4Release|Any CPU.ActiveCfg = Silverlight4Release|Any CPU
		{EB66B766-6354-4208-A3D4-AACBDCB5C3B3}.Silverlight4Release|Any CPU.Build.0 = Silverlight4Release|Any CPU
		{EB66B766-6354-4208-A3D4-AACBDCB5C3B3}.v2Debug|Any CPU.ActiveCfg = v2Debug|Any CPU
		{EB66B766-6354-4208-A3D4-AACBDCB5C3B3}.v2Debug|Any CPU.Build.0 = v2Debug|Any CPU
		{EB66B766-6354-4208-A3D4-AACBDCB5C3B3}.v2Release|Any CPU.ActiveCfg = v2Release|Any CPU
		{EB66B766-6354-4208-A3D4-AACBDCB5C3B3}.v2Release|Any CPU.Build.0 = v2Release|Any CPU
		{21AAE56C-75B5-4823-8D97-54BA5C387FFB}.Debug|Any CPU.ActiveCfg = Debug|Any CPU
		{21AAE56C-75B5-4823-8D97-54BA5C387FFB}.Debug|Any CPU.Build.0 = Debug|Any CPU
		{21AAE56C-75B5-4823-8D97-54BA5C387FFB}.FxCop|Any CPU.ActiveCfg = v2Release|Any CPU
		{21AAE56C-75B5-4823-8D97-54BA5C387FFB}.Release|Any CPU.ActiveCfg = Release|Any CPU
		{21AAE56C-75B5-4823-8D97-54BA5C387FFB}.Release|Any CPU.Build.0 = Release|Any CPU
		{21AAE56C-75B5-4823-8D97-54BA5C387FFB}.Silverlight3Debug|Any CPU.ActiveCfg = v2Debug|Any CPU
		{21AAE56C-75B5-4823-8D97-54BA5C387FFB}.Silverlight3Release|Any CPU.ActiveCfg = v2Release|Any CPU
		{21AAE56C-75B5-4823-8D97-54BA5C387FFB}.Silverlight4Debug|Any CPU.ActiveCfg = v2Debug|Any CPU
		{21AAE56C-75B5-4823-8D97-54BA5C387FFB}.Silverlight4Release|Any CPU.ActiveCfg = v2Debug|Any CPU
		{21AAE56C-75B5-4823-8D97-54BA5C387FFB}.v2Debug|Any CPU.ActiveCfg = v2Debug|Any CPU
		{21AAE56C-75B5-4823-8D97-54BA5C387FFB}.v2Release|Any CPU.ActiveCfg = v2Release|Any CPU
		{F1D861C5-D9D5-4CDA-968B-8275F5D9F6D2}.Debug|Any CPU.ActiveCfg = Debug|Any CPU
		{F1D861C5-D9D5-4CDA-968B-8275F5D9F6D2}.Debug|Any CPU.Build.0 = Debug|Any CPU
		{F1D861C5-D9D5-4CDA-968B-8275F5D9F6D2}.FxCop|Any CPU.ActiveCfg = FxCop|Any CPU
		{F1D861C5-D9D5-4CDA-968B-8275F5D9F6D2}.FxCop|Any CPU.Build.0 = FxCop|Any CPU
		{F1D861C5-D9D5-4CDA-968B-8275F5D9F6D2}.Release|Any CPU.ActiveCfg = Release|Any CPU
		{F1D861C5-D9D5-4CDA-968B-8275F5D9F6D2}.Release|Any CPU.Build.0 = Release|Any CPU
		{F1D861C5-D9D5-4CDA-968B-8275F5D9F6D2}.Silverlight3Debug|Any CPU.ActiveCfg = v2Debug|Any CPU
		{F1D861C5-D9D5-4CDA-968B-8275F5D9F6D2}.Silverlight3Release|Any CPU.ActiveCfg = v2Release|Any CPU
		{F1D861C5-D9D5-4CDA-968B-8275F5D9F6D2}.Silverlight4Debug|Any CPU.ActiveCfg = v2Debug|Any CPU
		{F1D861C5-D9D5-4CDA-968B-8275F5D9F6D2}.Silverlight4Release|Any CPU.ActiveCfg = v2Debug|Any CPU
		{F1D861C5-D9D5-4CDA-968B-8275F5D9F6D2}.v2Debug|Any CPU.ActiveCfg = v2Debug|Any CPU
		{F1D861C5-D9D5-4CDA-968B-8275F5D9F6D2}.v2Debug|Any CPU.Build.0 = v2Debug|Any CPU
		{F1D861C5-D9D5-4CDA-968B-8275F5D9F6D2}.v2Release|Any CPU.ActiveCfg = v2Release|Any CPU
		{F1D861C5-D9D5-4CDA-968B-8275F5D9F6D2}.v2Release|Any CPU.Build.0 = v2Release|Any CPU
		{7F6F9AB3-9943-4316-BD4C-A10F580BC75C}.Debug|Any CPU.ActiveCfg = Debug|Any CPU
		{7F6F9AB3-9943-4316-BD4C-A10F580BC75C}.Debug|Any CPU.Build.0 = Debug|Any CPU
		{7F6F9AB3-9943-4316-BD4C-A10F580BC75C}.FxCop|Any CPU.ActiveCfg = FxCop|Any CPU
		{7F6F9AB3-9943-4316-BD4C-A10F580BC75C}.FxCop|Any CPU.Build.0 = FxCop|Any CPU
		{7F6F9AB3-9943-4316-BD4C-A10F580BC75C}.Release|Any CPU.ActiveCfg = Release|Any CPU
		{7F6F9AB3-9943-4316-BD4C-A10F580BC75C}.Release|Any CPU.Build.0 = Release|Any CPU
		{7F6F9AB3-9943-4316-BD4C-A10F580BC75C}.Silverlight3Debug|Any CPU.ActiveCfg = v2Debug|Any CPU
		{7F6F9AB3-9943-4316-BD4C-A10F580BC75C}.Silverlight3Release|Any CPU.ActiveCfg = v2Release|Any CPU
		{7F6F9AB3-9943-4316-BD4C-A10F580BC75C}.Silverlight4Debug|Any CPU.ActiveCfg = v2Debug|Any CPU
		{7F6F9AB3-9943-4316-BD4C-A10F580BC75C}.Silverlight4Release|Any CPU.ActiveCfg = v2Debug|Any CPU
		{7F6F9AB3-9943-4316-BD4C-A10F580BC75C}.v2Debug|Any CPU.ActiveCfg = v2Debug|Any CPU
		{7F6F9AB3-9943-4316-BD4C-A10F580BC75C}.v2Debug|Any CPU.Build.0 = v2Debug|Any CPU
		{7F6F9AB3-9943-4316-BD4C-A10F580BC75C}.v2Release|Any CPU.ActiveCfg = v2Release|Any CPU
		{7F6F9AB3-9943-4316-BD4C-A10F580BC75C}.v2Release|Any CPU.Build.0 = v2Release|Any CPU
		{6EE7A428-D803-41BC-8248-1297C3ACE369}.Debug|Any CPU.ActiveCfg = Debug|Any CPU
		{6EE7A428-D803-41BC-8248-1297C3ACE369}.Debug|Any CPU.Build.0 = Debug|Any CPU
		{6EE7A428-D803-41BC-8248-1297C3ACE369}.FxCop|Any CPU.ActiveCfg = FxCop|Any CPU
		{6EE7A428-D803-41BC-8248-1297C3ACE369}.FxCop|Any CPU.Build.0 = FxCop|Any CPU
		{6EE7A428-D803-41BC-8248-1297C3ACE369}.Release|Any CPU.ActiveCfg = Release|Any CPU
		{6EE7A428-D803-41BC-8248-1297C3ACE369}.Release|Any CPU.Build.0 = Release|Any CPU
		{6EE7A428-D803-41BC-8248-1297C3ACE369}.Silverlight3Debug|Any CPU.ActiveCfg = v2Debug|Any CPU
		{6EE7A428-D803-41BC-8248-1297C3ACE369}.Silverlight3Release|Any CPU.ActiveCfg = v2Release|Any CPU
		{6EE7A428-D803-41BC-8248-1297C3ACE369}.Silverlight4Debug|Any CPU.ActiveCfg = v2Debug|Any CPU
		{6EE7A428-D803-41BC-8248-1297C3ACE369}.Silverlight4Release|Any CPU.ActiveCfg = v2Debug|Any CPU
		{6EE7A428-D803-41BC-8248-1297C3ACE369}.v2Debug|Any CPU.ActiveCfg = v2Debug|Any CPU
		{6EE7A428-D803-41BC-8248-1297C3ACE369}.v2Debug|Any CPU.Build.0 = v2Debug|Any CPU
		{6EE7A428-D803-41BC-8248-1297C3ACE369}.v2Release|Any CPU.ActiveCfg = v2Release|Any CPU
		{6EE7A428-D803-41BC-8248-1297C3ACE369}.v2Release|Any CPU.Build.0 = v2Release|Any CPU
		{02FF0909-F5AD-48CF-A86A-345E721B7E40}.Debug|Any CPU.ActiveCfg = Debug|Any CPU
		{02FF0909-F5AD-48CF-A86A-345E721B7E40}.Debug|Any CPU.Build.0 = Debug|Any CPU
		{02FF0909-F5AD-48CF-A86A-345E721B7E40}.FxCop|Any CPU.ActiveCfg = FxCop|Any CPU
		{02FF0909-F5AD-48CF-A86A-345E721B7E40}.FxCop|Any CPU.Build.0 = FxCop|Any CPU
		{02FF0909-F5AD-48CF-A86A-345E721B7E40}.Release|Any CPU.ActiveCfg = Release|Any CPU
		{02FF0909-F5AD-48CF-A86A-345E721B7E40}.Release|Any CPU.Build.0 = Release|Any CPU
		{02FF0909-F5AD-48CF-A86A-345E721B7E40}.Silverlight3Debug|Any CPU.ActiveCfg = Silverlight3Debug|Any CPU
		{02FF0909-F5AD-48CF-A86A-345E721B7E40}.Silverlight3Debug|Any CPU.Build.0 = Silverlight3Debug|Any CPU
		{02FF0909-F5AD-48CF-A86A-345E721B7E40}.Silverlight3Release|Any CPU.ActiveCfg = Silverlight3Release|Any CPU
		{02FF0909-F5AD-48CF-A86A-345E721B7E40}.Silverlight3Release|Any CPU.Build.0 = Silverlight3Release|Any CPU
		{02FF0909-F5AD-48CF-A86A-345E721B7E40}.Silverlight4Debug|Any CPU.ActiveCfg = Silverlight4Debug|Any CPU
		{02FF0909-F5AD-48CF-A86A-345E721B7E40}.Silverlight4Debug|Any CPU.Build.0 = Silverlight4Debug|Any CPU
		{02FF0909-F5AD-48CF-A86A-345E721B7E40}.Silverlight4Release|Any CPU.ActiveCfg = Silverlight4Release|Any CPU
		{02FF0909-F5AD-48CF-A86A-345E721B7E40}.Silverlight4Release|Any CPU.Build.0 = Silverlight4Release|Any CPU
		{02FF0909-F5AD-48CF-A86A-345E721B7E40}.v2Debug|Any CPU.ActiveCfg = v2Debug|Any CPU
		{02FF0909-F5AD-48CF-A86A-345E721B7E40}.v2Debug|Any CPU.Build.0 = v2Debug|Any CPU
		{02FF0909-F5AD-48CF-A86A-345E721B7E40}.v2Release|Any CPU.ActiveCfg = v2Release|Any CPU
		{02FF0909-F5AD-48CF-A86A-345E721B7E40}.v2Release|Any CPU.Build.0 = v2Release|Any CPU
		{25A6FCEF-1DB4-4ECF-98B4-7975E5AF9CC6}.Debug|Any CPU.ActiveCfg = Debug|Any CPU
		{25A6FCEF-1DB4-4ECF-98B4-7975E5AF9CC6}.Debug|Any CPU.Build.0 = Debug|Any CPU
		{25A6FCEF-1DB4-4ECF-98B4-7975E5AF9CC6}.FxCop|Any CPU.ActiveCfg = FxCop|Any CPU
		{25A6FCEF-1DB4-4ECF-98B4-7975E5AF9CC6}.FxCop|Any CPU.Build.0 = FxCop|Any CPU
		{25A6FCEF-1DB4-4ECF-98B4-7975E5AF9CC6}.Release|Any CPU.ActiveCfg = Release|Any CPU
		{25A6FCEF-1DB4-4ECF-98B4-7975E5AF9CC6}.Release|Any CPU.Build.0 = Release|Any CPU
		{25A6FCEF-1DB4-4ECF-98B4-7975E5AF9CC6}.Silverlight3Debug|Any CPU.ActiveCfg = v2Debug|Any CPU
		{25A6FCEF-1DB4-4ECF-98B4-7975E5AF9CC6}.Silverlight3Release|Any CPU.ActiveCfg = v2Release|Any CPU
		{25A6FCEF-1DB4-4ECF-98B4-7975E5AF9CC6}.Silverlight4Debug|Any CPU.ActiveCfg = Debug|Any CPU
		{25A6FCEF-1DB4-4ECF-98B4-7975E5AF9CC6}.Silverlight4Release|Any CPU.ActiveCfg = Release|Any CPU
		{25A6FCEF-1DB4-4ECF-98B4-7975E5AF9CC6}.v2Debug|Any CPU.ActiveCfg = v2Debug|Any CPU
		{25A6FCEF-1DB4-4ECF-98B4-7975E5AF9CC6}.v2Debug|Any CPU.Build.0 = v2Debug|Any CPU
		{25A6FCEF-1DB4-4ECF-98B4-7975E5AF9CC6}.v2Release|Any CPU.ActiveCfg = v2Release|Any CPU
		{25A6FCEF-1DB4-4ECF-98B4-7975E5AF9CC6}.v2Release|Any CPU.Build.0 = v2Release|Any CPU
		{0D9F0FEA-45F7-4CE4-9868-6FB9BBE3DD4C}.Debug|Any CPU.ActiveCfg = Debug|Any CPU
		{0D9F0FEA-45F7-4CE4-9868-6FB9BBE3DD4C}.Debug|Any CPU.Build.0 = Debug|Any CPU
		{0D9F0FEA-45F7-4CE4-9868-6FB9BBE3DD4C}.FxCop|Any CPU.ActiveCfg = FxCop|Any CPU
		{0D9F0FEA-45F7-4CE4-9868-6FB9BBE3DD4C}.FxCop|Any CPU.Build.0 = FxCop|Any CPU
		{0D9F0FEA-45F7-4CE4-9868-6FB9BBE3DD4C}.Release|Any CPU.ActiveCfg = Release|Any CPU
		{0D9F0FEA-45F7-4CE4-9868-6FB9BBE3DD4C}.Release|Any CPU.Build.0 = Release|Any CPU
		{0D9F0FEA-45F7-4CE4-9868-6FB9BBE3DD4C}.Silverlight3Debug|Any CPU.ActiveCfg = v2Debug|Any CPU
		{0D9F0FEA-45F7-4CE4-9868-6FB9BBE3DD4C}.Silverlight3Release|Any CPU.ActiveCfg = v2Release|Any CPU
		{0D9F0FEA-45F7-4CE4-9868-6FB9BBE3DD4C}.Silverlight4Debug|Any CPU.ActiveCfg = Debug|Any CPU
		{0D9F0FEA-45F7-4CE4-9868-6FB9BBE3DD4C}.Silverlight4Release|Any CPU.ActiveCfg = Release|Any CPU
		{0D9F0FEA-45F7-4CE4-9868-6FB9BBE3DD4C}.v2Debug|Any CPU.ActiveCfg = v2Debug|Any CPU
		{0D9F0FEA-45F7-4CE4-9868-6FB9BBE3DD4C}.v2Debug|Any CPU.Build.0 = v2Debug|Any CPU
		{0D9F0FEA-45F7-4CE4-9868-6FB9BBE3DD4C}.v2Release|Any CPU.ActiveCfg = v2Release|Any CPU
		{0D9F0FEA-45F7-4CE4-9868-6FB9BBE3DD4C}.v2Release|Any CPU.Build.0 = v2Release|Any CPU
		{ACDD9B9E-8FE6-439C-9521-1CCBA47F6143}.Debug|Any CPU.ActiveCfg = Debug|Any CPU
		{ACDD9B9E-8FE6-439C-9521-1CCBA47F6143}.Debug|Any CPU.Build.0 = Debug|Any CPU
		{ACDD9B9E-8FE6-439C-9521-1CCBA47F6143}.FxCop|Any CPU.ActiveCfg = FxCop|Any CPU
		{ACDD9B9E-8FE6-439C-9521-1CCBA47F6143}.FxCop|Any CPU.Build.0 = FxCop|Any CPU
		{ACDD9B9E-8FE6-439C-9521-1CCBA47F6143}.Release|Any CPU.ActiveCfg = Release|Any CPU
		{ACDD9B9E-8FE6-439C-9521-1CCBA47F6143}.Release|Any CPU.Build.0 = Release|Any CPU
		{ACDD9B9E-8FE6-439C-9521-1CCBA47F6143}.Silverlight3Debug|Any CPU.ActiveCfg = Debug|Any CPU
		{ACDD9B9E-8FE6-439C-9521-1CCBA47F6143}.Silverlight3Release|Any CPU.ActiveCfg = Release|Any CPU
		{ACDD9B9E-8FE6-439C-9521-1CCBA47F6143}.Silverlight4Debug|Any CPU.ActiveCfg = Debug|Any CPU
		{ACDD9B9E-8FE6-439C-9521-1CCBA47F6143}.Silverlight4Release|Any CPU.ActiveCfg = Release|Any CPU
		{ACDD9B9E-8FE6-439C-9521-1CCBA47F6143}.v2Debug|Any CPU.ActiveCfg = v2Debug|Any CPU
		{ACDD9B9E-8FE6-439C-9521-1CCBA47F6143}.v2Debug|Any CPU.Build.0 = v2Debug|Any CPU
		{ACDD9B9E-8FE6-439C-9521-1CCBA47F6143}.v2Release|Any CPU.ActiveCfg = v2Release|Any CPU
		{ACDD9B9E-8FE6-439C-9521-1CCBA47F6143}.v2Release|Any CPU.Build.0 = v2Release|Any CPU
		{848BBEB0-63E6-4736-B60C-23A9D733593D}.Debug|Any CPU.ActiveCfg = Debug|Any CPU
		{848BBEB0-63E6-4736-B60C-23A9D733593D}.Debug|Any CPU.Build.0 = Debug|Any CPU
		{848BBEB0-63E6-4736-B60C-23A9D733593D}.FxCop|Any CPU.ActiveCfg = Release|Any CPU
		{848BBEB0-63E6-4736-B60C-23A9D733593D}.Release|Any CPU.ActiveCfg = Release|Any CPU
		{848BBEB0-63E6-4736-B60C-23A9D733593D}.Release|Any CPU.Build.0 = Release|Any CPU
		{848BBEB0-63E6-4736-B60C-23A9D733593D}.Silverlight3Debug|Any CPU.ActiveCfg = Debug|Any CPU
		{848BBEB0-63E6-4736-B60C-23A9D733593D}.Silverlight3Release|Any CPU.ActiveCfg = Release|Any CPU
		{848BBEB0-63E6-4736-B60C-23A9D733593D}.Silverlight4Debug|Any CPU.ActiveCfg = Debug|Any CPU
		{848BBEB0-63E6-4736-B60C-23A9D733593D}.Silverlight4Release|Any CPU.ActiveCfg = Release|Any CPU
		{848BBEB0-63E6-4736-B60C-23A9D733593D}.v2Debug|Any CPU.ActiveCfg = v2Debug|Any CPU
		{848BBEB0-63E6-4736-B60C-23A9D733593D}.v2Debug|Any CPU.Build.0 = v2Debug|Any CPU
		{848BBEB0-63E6-4736-B60C-23A9D733593D}.v2Release|Any CPU.ActiveCfg = v2Release|Any CPU
		{848BBEB0-63E6-4736-B60C-23A9D733593D}.v2Release|Any CPU.Build.0 = v2Release|Any CPU
		{65E997B7-E99B-4C83-B29E-9951429BB293}.Debug|Any CPU.ActiveCfg = Debug|Any CPU
		{65E997B7-E99B-4C83-B29E-9951429BB293}.Debug|Any CPU.Build.0 = Debug|Any CPU
		{65E997B7-E99B-4C83-B29E-9951429BB293}.FxCop|Any CPU.ActiveCfg = FxCop|Any CPU
		{65E997B7-E99B-4C83-B29E-9951429BB293}.FxCop|Any CPU.Build.0 = FxCop|Any CPU
		{65E997B7-E99B-4C83-B29E-9951429BB293}.Release|Any CPU.ActiveCfg = Release|Any CPU
		{65E997B7-E99B-4C83-B29E-9951429BB293}.Release|Any CPU.Build.0 = Release|Any CPU
		{65E997B7-E99B-4C83-B29E-9951429BB293}.Silverlight3Debug|Any CPU.ActiveCfg = Silverlight3Debug|Any CPU
		{65E997B7-E99B-4C83-B29E-9951429BB293}.Silverlight3Release|Any CPU.ActiveCfg = Silverlight3Release|Any CPU
		{65E997B7-E99B-4C83-B29E-9951429BB293}.Silverlight4Debug|Any CPU.ActiveCfg = Silverlight4Debug|Any CPU
		{65E997B7-E99B-4C83-B29E-9951429BB293}.Silverlight4Release|Any CPU.ActiveCfg = Silverlight4Release|Any CPU
		{65E997B7-E99B-4C83-B29E-9951429BB293}.v2Debug|Any CPU.ActiveCfg = v2Debug|Any CPU
		{65E997B7-E99B-4C83-B29E-9951429BB293}.v2Release|Any CPU.ActiveCfg = v2Release|Any CPU
		{B17FEFC8-EA7C-4CFA-B46E-B9003CE1F329}.Debug|Any CPU.ActiveCfg = Debug|Any CPU
		{B17FEFC8-EA7C-4CFA-B46E-B9003CE1F329}.Debug|Any CPU.Build.0 = Debug|Any CPU
		{B17FEFC8-EA7C-4CFA-B46E-B9003CE1F329}.FxCop|Any CPU.ActiveCfg = FxCop|Any CPU
		{B17FEFC8-EA7C-4CFA-B46E-B9003CE1F329}.FxCop|Any CPU.Build.0 = FxCop|Any CPU
		{B17FEFC8-EA7C-4CFA-B46E-B9003CE1F329}.Release|Any CPU.ActiveCfg = Release|Any CPU
		{B17FEFC8-EA7C-4CFA-B46E-B9003CE1F329}.Release|Any CPU.Build.0 = Release|Any CPU
		{B17FEFC8-EA7C-4CFA-B46E-B9003CE1F329}.Silverlight3Debug|Any CPU.ActiveCfg = Debug|Any CPU
		{B17FEFC8-EA7C-4CFA-B46E-B9003CE1F329}.Silverlight3Release|Any CPU.ActiveCfg = Release|Any CPU
		{B17FEFC8-EA7C-4CFA-B46E-B9003CE1F329}.Silverlight4Debug|Any CPU.ActiveCfg = Debug|Any CPU
		{B17FEFC8-EA7C-4CFA-B46E-B9003CE1F329}.Silverlight4Release|Any CPU.ActiveCfg = Release|Any CPU
		{B17FEFC8-EA7C-4CFA-B46E-B9003CE1F329}.v2Debug|Any CPU.ActiveCfg = v2Debug|Any CPU
		{B17FEFC8-EA7C-4CFA-B46E-B9003CE1F329}.v2Debug|Any CPU.Build.0 = v2Debug|Any CPU
		{B17FEFC8-EA7C-4CFA-B46E-B9003CE1F329}.v2Release|Any CPU.ActiveCfg = v2Release|Any CPU
		{B17FEFC8-EA7C-4CFA-B46E-B9003CE1F329}.v2Release|Any CPU.Build.0 = v2Release|Any CPU
		{F231EB3F-75E7-499F-B1F2-C26E56601E1B}.Debug|Any CPU.ActiveCfg = Debug|Any CPU
		{F231EB3F-75E7-499F-B1F2-C26E56601E1B}.Debug|Any CPU.Build.0 = Debug|Any CPU
		{F231EB3F-75E7-499F-B1F2-C26E56601E1B}.FxCop|Any CPU.ActiveCfg = FxCop|Any CPU
		{F231EB3F-75E7-499F-B1F2-C26E56601E1B}.FxCop|Any CPU.Build.0 = FxCop|Any CPU
		{F231EB3F-75E7-499F-B1F2-C26E56601E1B}.Release|Any CPU.ActiveCfg = Release|Any CPU
		{F231EB3F-75E7-499F-B1F2-C26E56601E1B}.Release|Any CPU.Build.0 = Release|Any CPU
		{F231EB3F-75E7-499F-B1F2-C26E56601E1B}.Silverlight3Debug|Any CPU.ActiveCfg = Debug|Any CPU
		{F231EB3F-75E7-499F-B1F2-C26E56601E1B}.Silverlight3Release|Any CPU.ActiveCfg = Release|Any CPU
		{F231EB3F-75E7-499F-B1F2-C26E56601E1B}.Silverlight4Debug|Any CPU.ActiveCfg = Debug|Any CPU
		{F231EB3F-75E7-499F-B1F2-C26E56601E1B}.Silverlight4Release|Any CPU.ActiveCfg = Release|Any CPU
		{F231EB3F-75E7-499F-B1F2-C26E56601E1B}.v2Debug|Any CPU.ActiveCfg = v2Debug|Any CPU
		{F231EB3F-75E7-499F-B1F2-C26E56601E1B}.v2Debug|Any CPU.Build.0 = v2Debug|Any CPU
		{F231EB3F-75E7-499F-B1F2-C26E56601E1B}.v2Release|Any CPU.ActiveCfg = v2Release|Any CPU
		{F231EB3F-75E7-499F-B1F2-C26E56601E1B}.v2Release|Any CPU.Build.0 = v2Release|Any CPU
		{AA18A245-E342-4368-A474-83178311A742}.Debug|Any CPU.ActiveCfg = Debug|Any CPU
		{AA18A245-E342-4368-A474-83178311A742}.Debug|Any CPU.Build.0 = Debug|Any CPU
		{AA18A245-E342-4368-A474-83178311A742}.FxCop|Any CPU.ActiveCfg = FxCop|Any CPU
		{AA18A245-E342-4368-A474-83178311A742}.FxCop|Any CPU.Build.0 = FxCop|Any CPU
		{AA18A245-E342-4368-A474-83178311A742}.Release|Any CPU.ActiveCfg = Release|Any CPU
		{AA18A245-E342-4368-A474-83178311A742}.Release|Any CPU.Build.0 = Release|Any CPU
		{AA18A245-E342-4368-A474-83178311A742}.Silverlight3Debug|Any CPU.ActiveCfg = Silverlight3Debug|Any CPU
		{AA18A245-E342-4368-A474-83178311A742}.Silverlight3Debug|Any CPU.Build.0 = Silverlight3Debug|Any CPU
		{AA18A245-E342-4368-A474-83178311A742}.Silverlight3Release|Any CPU.ActiveCfg = Silverlight3Release|Any CPU
		{AA18A245-E342-4368-A474-83178311A742}.Silverlight3Release|Any CPU.Build.0 = Silverlight3Release|Any CPU
		{AA18A245-E342-4368-A474-83178311A742}.Silverlight4Debug|Any CPU.ActiveCfg = Silverlight4Debug|Any CPU
		{AA18A245-E342-4368-A474-83178311A742}.Silverlight4Debug|Any CPU.Build.0 = Silverlight4Debug|Any CPU
		{AA18A245-E342-4368-A474-83178311A742}.Silverlight4Release|Any CPU.ActiveCfg = Silverlight4Release|Any CPU
		{AA18A245-E342-4368-A474-83178311A742}.Silverlight4Release|Any CPU.Build.0 = Silverlight4Release|Any CPU
		{AA18A245-E342-4368-A474-83178311A742}.v2Debug|Any CPU.ActiveCfg = v2Debug|Any CPU
		{AA18A245-E342-4368-A474-83178311A742}.v2Debug|Any CPU.Build.0 = v2Debug|Any CPU
		{AA18A245-E342-4368-A474-83178311A742}.v2Release|Any CPU.ActiveCfg = v2Release|Any CPU
		{AA18A245-E342-4368-A474-83178311A742}.v2Release|Any CPU.Build.0 = v2Release|Any CPU
		{43A7EE65-3156-4AE1-9734-19D9A758B163}.Debug|Any CPU.ActiveCfg = Debug|Any CPU
		{43A7EE65-3156-4AE1-9734-19D9A758B163}.Debug|Any CPU.Build.0 = Debug|Any CPU
		{43A7EE65-3156-4AE1-9734-19D9A758B163}.FxCop|Any CPU.ActiveCfg = Release|Any CPU
		{43A7EE65-3156-4AE1-9734-19D9A758B163}.Release|Any CPU.ActiveCfg = Release|Any CPU
		{43A7EE65-3156-4AE1-9734-19D9A758B163}.Release|Any CPU.Build.0 = Release|Any CPU
		{43A7EE65-3156-4AE1-9734-19D9A758B163}.Silverlight3Debug|Any CPU.ActiveCfg = Debug|Any CPU
		{43A7EE65-3156-4AE1-9734-19D9A758B163}.Silverlight3Release|Any CPU.ActiveCfg = Release|Any CPU
		{43A7EE65-3156-4AE1-9734-19D9A758B163}.Silverlight4Debug|Any CPU.ActiveCfg = Debug|Any CPU
		{43A7EE65-3156-4AE1-9734-19D9A758B163}.Silverlight4Release|Any CPU.ActiveCfg = Release|Any CPU
		{43A7EE65-3156-4AE1-9734-19D9A758B163}.v2Debug|Any CPU.ActiveCfg = Debug|Any CPU
		{43A7EE65-3156-4AE1-9734-19D9A758B163}.v2Release|Any CPU.ActiveCfg = Release|Any CPU
		{801BAE60-3562-43E1-B33F-6A180D6029E1}.Debug|Any CPU.ActiveCfg = Debug|Any CPU
		{801BAE60-3562-43E1-B33F-6A180D6029E1}.Debug|Any CPU.Build.0 = Debug|Any CPU
		{801BAE60-3562-43E1-B33F-6A180D6029E1}.FxCop|Any CPU.ActiveCfg = Release|Any CPU
		{801BAE60-3562-43E1-B33F-6A180D6029E1}.Release|Any CPU.ActiveCfg = Release|Any CPU
		{801BAE60-3562-43E1-B33F-6A180D6029E1}.Release|Any CPU.Build.0 = Release|Any CPU
		{801BAE60-3562-43E1-B33F-6A180D6029E1}.Silverlight3Debug|Any CPU.ActiveCfg = Silverlight3Debug|Any CPU
		{801BAE60-3562-43E1-B33F-6A180D6029E1}.Silverlight3Release|Any CPU.ActiveCfg = Silverlight3Release|Any CPU
		{801BAE60-3562-43E1-B33F-6A180D6029E1}.Silverlight4Debug|Any CPU.ActiveCfg = Silverlight4Debug|Any CPU
		{801BAE60-3562-43E1-B33F-6A180D6029E1}.Silverlight4Release|Any CPU.ActiveCfg = Silverlight4Release|Any CPU
		{801BAE60-3562-43E1-B33F-6A180D6029E1}.v2Debug|Any CPU.ActiveCfg = Debug|Any CPU
		{801BAE60-3562-43E1-B33F-6A180D6029E1}.v2Release|Any CPU.ActiveCfg = Release|Any CPU
	EndGlobalSection
	GlobalSection(SolutionProperties) = preSolution
		HideSolutionNode = FALSE
	EndGlobalSection
	GlobalSection(NestedProjects) = preSolution
		{2F2B77E1-8C8A-4573-9D6D-A305144F3C79} = {6B97627A-A2FE-4CE2-B5CC-95D54E656988}
		{07FD28A6-B302-49AB-A2C9-23D431F1CE2D} = {6B97627A-A2FE-4CE2-B5CC-95D54E656988}
		{9C454D45-326F-4EA1-8177-64341267A17F} = {491B4A6F-D38A-49CA-BDE8-A7693919CB0B}
		{2AE75F5A-CD1F-4925-9647-AF4D1C282FB4} = {491B4A6F-D38A-49CA-BDE8-A7693919CB0B}
		{EB66B766-6354-4208-A3D4-AACBDCB5C3B3} = {491B4A6F-D38A-49CA-BDE8-A7693919CB0B}
		{02FF0909-F5AD-48CF-A86A-345E721B7E40} = {491B4A6F-D38A-49CA-BDE8-A7693919CB0B}
		{ACDD9B9E-8FE6-439C-9521-1CCBA47F6143} = {491B4A6F-D38A-49CA-BDE8-A7693919CB0B}
		{743F9345-7C9B-4795-824C-AF4756DD27FC} = {491B4A6F-D38A-49CA-BDE8-A7693919CB0B}
		{95289EA9-5778-489D-AB48-F81F2CE2DA32} = {2F2B77E1-8C8A-4573-9D6D-A305144F3C79}
		{155CE436-1669-4A48-8095-410F2430237F} = {2F2B77E1-8C8A-4573-9D6D-A305144F3C79}
		{811AC32C-11F3-4ED8-92A7-A7E39C2BB704} = {2F2B77E1-8C8A-4573-9D6D-A305144F3C79}
		{B6B42537-07F8-4F6C-A99A-B155CAEB124E} = {2F2B77E1-8C8A-4573-9D6D-A305144F3C79}
		{81DA19C7-4FEC-47E7-981B-D9310D549F95} = {2F2B77E1-8C8A-4573-9D6D-A305144F3C79}
		{F1D861C5-D9D5-4CDA-968B-8275F5D9F6D2} = {2F2B77E1-8C8A-4573-9D6D-A305144F3C79}
		{7F6F9AB3-9943-4316-BD4C-A10F580BC75C} = {2F2B77E1-8C8A-4573-9D6D-A305144F3C79}
		{65E997B7-E99B-4C83-B29E-9951429BB293} = {2F2B77E1-8C8A-4573-9D6D-A305144F3C79}
		{3252DCB8-59BA-459B-A40D-A3E3E8971A10} = {18087874-CC5D-4AA1-9440-0C39A03B3EA4}
		{A4D13BD7-AE86-4080-B105-067886DC193C} = {18087874-CC5D-4AA1-9440-0C39A03B3EA4}
		{C6A8A33C-572E-4C2E-BB8C-20F0EF5864C2} = {18087874-CC5D-4AA1-9440-0C39A03B3EA4}
		{3272E46C-F4D9-418D-9EE9-081A1B658EE4} = {3252DCB8-59BA-459B-A40D-A3E3E8971A10}
		{C86A7A7B-3086-4136-9B56-17E8DCB38C8D} = {A4D13BD7-AE86-4080-B105-067886DC193C}
		{7D07B0CE-FFA3-4402-BFF2-5F42B4267D2A} = {A4D13BD7-AE86-4080-B105-067886DC193C}
		{7F6984B4-EE6D-4E6F-ABB1-E210D7DC4FDD} = {07FD28A6-B302-49AB-A2C9-23D431F1CE2D}
		{D6AB587D-A888-4B98-85AC-F15E36F53838} = {07FD28A6-B302-49AB-A2C9-23D431F1CE2D}
		{8103D91B-89D8-4A18-9A40-426992602EA2} = {07FD28A6-B302-49AB-A2C9-23D431F1CE2D}
		{166940A1-2C91-4BD0-B72B-A517FBD8BF0B} = {07FD28A6-B302-49AB-A2C9-23D431F1CE2D}
		{77323B06-15A2-4CF4-8A7A-86EAA2B66498} = {07FD28A6-B302-49AB-A2C9-23D431F1CE2D}
		{6EE7A428-D803-41BC-8248-1297C3ACE369} = {07FD28A6-B302-49AB-A2C9-23D431F1CE2D}
		{B17FEFC8-EA7C-4CFA-B46E-B9003CE1F329} = {07FD28A6-B302-49AB-A2C9-23D431F1CE2D}
		{F231EB3F-75E7-499F-B1F2-C26E56601E1B} = {07FD28A6-B302-49AB-A2C9-23D431F1CE2D}
		{AA18A245-E342-4368-A474-83178311A742} = {07FD28A6-B302-49AB-A2C9-23D431F1CE2D}
		{7B67CCAD-3C88-4A1E-8F5C-6AD784DFB52F} = {9C454D45-326F-4EA1-8177-64341267A17F}
		{75B776E7-2246-4E02-98A9-A99D3DA4DB54} = {9C454D45-326F-4EA1-8177-64341267A17F}
		{BEE737B9-18D5-48D9-8672-9A896213C98B} = {9C454D45-326F-4EA1-8177-64341267A17F}
		{21AAE56C-75B5-4823-8D97-54BA5C387FFB} = {9C454D45-326F-4EA1-8177-64341267A17F}
		{848BBEB0-63E6-4736-B60C-23A9D733593D} = {9C454D45-326F-4EA1-8177-64341267A17F}
		{25A6FCEF-1DB4-4ECF-98B4-7975E5AF9CC6} = {C6A8A33C-572E-4C2E-BB8C-20F0EF5864C2}
		{0D9F0FEA-45F7-4CE4-9868-6FB9BBE3DD4C} = {C6A8A33C-572E-4C2E-BB8C-20F0EF5864C2}
		{43A7EE65-3156-4AE1-9734-19D9A758B163} = {743F9345-7C9B-4795-824C-AF4756DD27FC}
		{801BAE60-3562-43E1-B33F-6A180D6029E1} = {743F9345-7C9B-4795-824C-AF4756DD27FC}
	EndGlobalSection
EndGlobal
