
Microsoft Visual Studio Solution File, Format Version 10.00
# Visual Studio 2008
Project("{FAE04EC0-301F-11D3-BF4B-00C04F79EFBC}") = "IronRuby.Libraries.Yaml", "IronRuby.Libraries.Yaml\IronRuby.Libraries.Yaml.csproj", "{AA18A245-E342-4368-A474-83178311A742}"
EndProject
Global
	GlobalSection(TeamFoundationVersionControl) = preSolution
		SccNumberOfProjects = 1
		SccEnterpriseProvider = {4CA58AB2-18FA-4F8D-95D4-32DDF27D184C}
		SccTeamFoundationServer = http://vstfdevdiv:8080/
		SccProjectUniqueName0 = IronRuby.Libraries.Yaml\\IronRuby.Libraries.Yaml.csproj
		SccProjectName0 = IronRuby.Libraries.Yaml
		SccAuxPath0 = http://vstfdevdiv:8080
		SccLocalPath0 = IronRuby.Libraries.Yaml
		SccProvider0 = {4CA58AB2-18FA-4F8D-95D4-32DDF27D184C}
	EndGlobalSection
	GlobalSection(SolutionConfigurationPlatforms) = preSolution
		v2Debug|Any CPU = v2Debug|Any CPU
		v2Release|Any CPU = v2Release|Any CPU
	EndGlobalSection
	GlobalSection(ProjectConfigurationPlatforms) = postSolution
		{AA18A245-E342-4368-A474-83178311A742}.v2Debug|Any CPU.ActiveCfg = v2Debug|Any CPU
		{AA18A245-E342-4368-A474-83178311A742}.v2Debug|Any CPU.Build.0 = v2Debug|Any CPU
		{AA18A245-E342-4368-A474-83178311A742}.v2Release|Any CPU.ActiveCfg = v2Release|Any CPU
		{AA18A245-E342-4368-A474-83178311A742}.v2Release|Any CPU.Build.0 = v2Release|Any CPU
	EndGlobalSection
	GlobalSection(SolutionProperties) = preSolution
		HideSolutionNode = FALSE
	EndGlobalSection
EndGlobal
